// !$*UTF8*$!
{
	archiveVersion = 1;
	classes = {
	};
	objectVersion = 46;
	objects = {

/* Begin PBXBuildFile section */
		222B8DB41EA8FF56005503A8 /* MoreTableViewController.swift in Sources */ = {isa = PBXBuildFile; fileRef = 222B8DB31EA8FF56005503A8 /* MoreTableViewController.swift */; };
		222B8DB91EA90916005503A8 /* LocalAuthentication.framework in Frameworks */ = {isa = PBXBuildFile; fileRef = 222B8DB81EA90916005503A8 /* LocalAuthentication.framework */; };
		225A66051E8EA7760063337A /* ListingDetailTableViewController.swift in Sources */ = {isa = PBXBuildFile; fileRef = 225A66041E8EA7760063337A /* ListingDetailTableViewController.swift */; };
		227F304A1E930B2A00DE1752 /* MessageUI.framework in Frameworks */ = {isa = PBXBuildFile; fileRef = 227F30491E930B2900DE1752 /* MessageUI.framework */; };
		22CF58A01EAA857600E011D5 /* TouchIDViewController.swift in Sources */ = {isa = PBXBuildFile; fileRef = 22CF589F1EAA857600E011D5 /* TouchIDViewController.swift */; };
		37FD610AAB987235177A1533 /* Pods_TUHubTests.framework in Frameworks */ = {isa = PBXBuildFile; fileRef = C369AC415ABB8738F6351247 /* Pods_TUHubTests.framework */; };
		7D043A501E5BF7EF0003A853 /* AppDelegate.swift in Sources */ = {isa = PBXBuildFile; fileRef = 7D043A4F1E5BF7EF0003A853 /* AppDelegate.swift */; };
		7D043A571E5BF7EF0003A853 /* Main.storyboard in Resources */ = {isa = PBXBuildFile; fileRef = 7D043A551E5BF7EF0003A853 /* Main.storyboard */; };
		7D043A591E5BF7EF0003A853 /* Assets.xcassets in Resources */ = {isa = PBXBuildFile; fileRef = 7D043A581E5BF7EF0003A853 /* Assets.xcassets */; };
		7D043A5C1E5BF7EF0003A853 /* LaunchScreen.storyboard in Resources */ = {isa = PBXBuildFile; fileRef = 7D043A5A1E5BF7EF0003A853 /* LaunchScreen.storyboard */; };
		7D043A671E5BF7EF0003A853 /* TUHubTests.swift in Sources */ = {isa = PBXBuildFile; fileRef = 7D043A661E5BF7EF0003A853 /* TUHubTests.swift */; };
		7D043A721E5BF7EF0003A853 /* TUHubUITests.swift in Sources */ = {isa = PBXBuildFile; fileRef = 7D043A711E5BF7EF0003A853 /* TUHubUITests.swift */; };
		7D33C2151E9974D300101751 /* ImageCollection.swift in Sources */ = {isa = PBXBuildFile; fileRef = 7D33C2141E9974D300101751 /* ImageCollection.swift */; };
		7D33C2171E99754F00101751 /* AWS.swift in Sources */ = {isa = PBXBuildFile; fileRef = 7D33C2161E99754F00101751 /* AWS.swift */; };
		7D439E031E8D6F4400FF5538 /* ListingsCollectionViewController.swift in Sources */ = {isa = PBXBuildFile; fileRef = 7D439E021E8D6F4400FF5538 /* ListingsCollectionViewController.swift */; };
		7D48E1221E9212B6000981D8 /* Product.swift in Sources */ = {isa = PBXBuildFile; fileRef = 7D48E1211E9212B6000981D8 /* Product.swift */; };
		7D48E1261E92B802000981D8 /* TextViewTableViewCell.swift in Sources */ = {isa = PBXBuildFile; fileRef = 7D48E1251E92B802000981D8 /* TextViewTableViewCell.swift */; };
		7D48E1291E92B826000981D8 /* TextFieldTableViewCell.swift in Sources */ = {isa = PBXBuildFile; fileRef = 7D48E1271E92B826000981D8 /* TextFieldTableViewCell.swift */; };
		7D4E57ED1E920389000B7719 /* Listing.swift in Sources */ = {isa = PBXBuildFile; fileRef = 7D4E57EC1E920389000B7719 /* Listing.swift */; };
		7D4E57F61E9211AD000B7719 /* Personal.swift in Sources */ = {isa = PBXBuildFile; fileRef = 7D4E57F41E9211AD000B7719 /* Personal.swift */; };
		7D4E57F71E9211AD000B7719 /* Job.swift in Sources */ = {isa = PBXBuildFile; fileRef = 7D4E57F51E9211AD000B7719 /* Job.swift */; };
		7D5F61A21E9A827A000A1F1A /* MarketplaceSignUpViewController.swift in Sources */ = {isa = PBXBuildFile; fileRef = 7D5F61A11E9A827A000A1F1A /* MarketplaceSignUpViewController.swift */; };
		7D66B8231EADBD010014835B /* MKDirectionsTransportType+String.swift in Sources */ = {isa = PBXBuildFile; fileRef = 7D66B8221EADBD010014835B /* MKDirectionsTransportType+String.swift */; };
		7D66B8271EAEBF970014835B /* EditListingViewController.swift in Sources */ = {isa = PBXBuildFile; fileRef = 7D66B8261EAEBF970014835B /* EditListingViewController.swift */; };
		7D6E2E801EA917A100A7DBB2 /* StreetViewAPI.swift in Sources */ = {isa = PBXBuildFile; fileRef = 7D6E2E7F1EA917A100A7DBB2 /* StreetViewAPI.swift */; };
		7D6E2E831EA922B200A7DBB2 /* ImageGalleryTableViewCell.swift in Sources */ = {isa = PBXBuildFile; fileRef = 7D6E2E811EA922B200A7DBB2 /* ImageGalleryTableViewCell.swift */; };
		7D6E2E841EA922B200A7DBB2 /* ImageGalleryTableViewCell.xib in Resources */ = {isa = PBXBuildFile; fileRef = 7D6E2E821EA922B200A7DBB2 /* ImageGalleryTableViewCell.xib */; };
		7D6E2E8D1EA92AC900A7DBB2 /* ImageGalleryCollectionViewCell.swift in Sources */ = {isa = PBXBuildFile; fileRef = 7D6E2E8B1EA92AC900A7DBB2 /* ImageGalleryCollectionViewCell.swift */; };
		7D6E2E8E1EA92AC900A7DBB2 /* ImageGalleryCollectionViewCell.xib in Resources */ = {isa = PBXBuildFile; fileRef = 7D6E2E8C1EA92AC900A7DBB2 /* ImageGalleryCollectionViewCell.xib */; };
		7D6E2E901EA9623100A7DBB2 /* Location.swift in Sources */ = {isa = PBXBuildFile; fileRef = 7D6E2E8F1EA9623100A7DBB2 /* Location.swift */; };
		7D7164DF1E95AD900027EDD5 /* CourseSearchResultTableViewDataSource.swift in Sources */ = {isa = PBXBuildFile; fileRef = 7D7164DE1E95AD900027EDD5 /* CourseSearchResultTableViewDataSource.swift */; };
		7D7164E11E95AF930027EDD5 /* CourseTableViewDataSource.swift in Sources */ = {isa = PBXBuildFile; fileRef = 7D7164E01E95AF930027EDD5 /* CourseTableViewDataSource.swift */; };
		7D7164E31E95B1040027EDD5 /* CourseDetailTableViewControllerCellType.swift in Sources */ = {isa = PBXBuildFile; fileRef = 7D7164E21E95B1040027EDD5 /* CourseDetailTableViewControllerCellType.swift */; };
		7D74A2911EA14A5E00F8C04D /* HoursTableViewCell.swift in Sources */ = {isa = PBXBuildFile; fileRef = 7D74A2901EA14A5E00F8C04D /* HoursTableViewCell.swift */; };
		7D79DB971EAD606400B43F00 /* ETAView.swift in Sources */ = {isa = PBXBuildFile; fileRef = 7D79DB961EAD606400B43F00 /* ETAView.swift */; };
		7D79DB991EAD607600B43F00 /* ETAView.xib in Resources */ = {isa = PBXBuildFile; fileRef = 7D79DB981EAD607600B43F00 /* ETAView.xib */; };
		7D7E0E371E9C0CC2007A1D16 /* Marketplace.storyboard in Resources */ = {isa = PBXBuildFile; fileRef = 7D7E0E361E9C0CC1007A1D16 /* Marketplace.storyboard */; };
		7D7E0E391E9C0CFF007A1D16 /* Courses.storyboard in Resources */ = {isa = PBXBuildFile; fileRef = 7D7E0E381E9C0CFF007A1D16 /* Courses.storyboard */; };
		7D7E0E3B1E9C0D46007A1D16 /* Maps.storyboard in Resources */ = {isa = PBXBuildFile; fileRef = 7D7E0E3A1E9C0D46007A1D16 /* Maps.storyboard */; };
		7D7E0E3D1E9C0D52007A1D16 /* News.storyboard in Resources */ = {isa = PBXBuildFile; fileRef = 7D7E0E3C1E9C0D52007A1D16 /* News.storyboard */; };
		7D7E0E3F1E9C0D5F007A1D16 /* More.storyboard in Resources */ = {isa = PBXBuildFile; fileRef = 7D7E0E3E1E9C0D5F007A1D16 /* More.storyboard */; };
		7D7E0E411E9D7DED007A1D16 /* Campus.swift in Sources */ = {isa = PBXBuildFile; fileRef = 7D7E0E401E9D7DED007A1D16 /* Campus.swift */; };
		7D7E0E431E9D9929007A1D16 /* YLPClient+Secret.swift in Sources */ = {isa = PBXBuildFile; fileRef = 7D7E0E421E9D9929007A1D16 /* YLPClient+Secret.swift */; };
		7D7FD0111E85922300CE769F /* String+NSRegularExpression.swift in Sources */ = {isa = PBXBuildFile; fileRef = 7D7FD0101E85922300CE769F /* String+NSRegularExpression.swift */; };
		7D7FD0131E85ADE800CE769F /* MapsViewController.swift in Sources */ = {isa = PBXBuildFile; fileRef = 7D7FD0121E85ADE800CE769F /* MapsViewController.swift */; };
		7D7FD0161E85AE3D00CE769F /* MapsSearchResultsTableViewController.swift in Sources */ = {isa = PBXBuildFile; fileRef = 7D7FD0151E85AE3D00CE769F /* MapsSearchResultsTableViewController.swift */; };
		7D7FD0181E85B18700CE769F /* MapKit.framework in Frameworks */ = {isa = PBXBuildFile; fileRef = 7D7FD0171E85B18700CE769F /* MapKit.framework */; };
		7D8A1A5C1E9825FF006401A1 /* AddListingViewController.swift in Sources */ = {isa = PBXBuildFile; fileRef = 7D8A1A5B1E9825FF006401A1 /* AddListingViewController.swift */; };
		7D8A1A5E1E982E02006401A1 /* CurrencyFormatter.swift in Sources */ = {isa = PBXBuildFile; fileRef = 7D8A1A5D1E982E01006401A1 /* CurrencyFormatter.swift */; };
		7D8A1A631E983959006401A1 /* ImagesRow.swift in Sources */ = {isa = PBXBuildFile; fileRef = 7D8A1A611E983959006401A1 /* ImagesRow.swift */; };
		7D8A1A6B1E983B67006401A1 /* ImageCollectionViewCell.swift in Sources */ = {isa = PBXBuildFile; fileRef = 7D8A1A691E983B67006401A1 /* ImageCollectionViewCell.swift */; };
		7D8A1A6C1E983B67006401A1 /* ImageCollectionViewCell.xib in Resources */ = {isa = PBXBuildFile; fileRef = 7D8A1A6A1E983B67006401A1 /* ImageCollectionViewCell.xib */; };
		7D8A1A6F1E984196006401A1 /* ImagesCell.xib in Resources */ = {isa = PBXBuildFile; fileRef = 7D8A1A6E1E984196006401A1 /* ImagesCell.xib */; };
		7D8A1A711E9848E1006401A1 /* ImagePickerViewController.swift in Sources */ = {isa = PBXBuildFile; fileRef = 7D8A1A701E9848E1006401A1 /* ImagePickerViewController.swift */; };
		7D8D86BB1EAF002B00704EC8 /* SubtitleTableViewCell.swift in Sources */ = {isa = PBXBuildFile; fileRef = 7D8D86B91EAF002B00704EC8 /* SubtitleTableViewCell.swift */; };
		7D8D86BC1EAF002B00704EC8 /* ContactDetailViewCell.swift in Sources */ = {isa = PBXBuildFile; fileRef = 7D8D86BA1EAF002B00704EC8 /* ContactDetailViewCell.swift */; };
		7D8D86BE1EAF003E00704EC8 /* MapsHeaderTableViewCell.swift in Sources */ = {isa = PBXBuildFile; fileRef = 7D8D86BD1EAF003E00704EC8 /* MapsHeaderTableViewCell.swift */; };
		7D9279FD1E836CCB00E8773F /* CarouselFlowLayout.swift in Sources */ = {isa = PBXBuildFile; fileRef = 7D9279FC1E836CCB00E8773F /* CarouselFlowLayout.swift */; };
		7D942B781E9EC1DA00EEB312 /* Building.swift in Sources */ = {isa = PBXBuildFile; fileRef = 7D942B771E9EC1DA00EEB312 /* Building.swift */; };
		7D942B7A1E9ED72700EEB312 /* BusinessTableViewCell.swift in Sources */ = {isa = PBXBuildFile; fileRef = 7D942B791E9ED72700EEB312 /* BusinessTableViewCell.swift */; };
		7D942B8C1EA003D400EEB312 /* MapsOptionsViewController.swift in Sources */ = {isa = PBXBuildFile; fileRef = 7D942B8B1EA003D400EEB312 /* MapsOptionsViewController.swift */; };
		7D95F8601EAC09290006C943 /* Time.swift in Sources */ = {isa = PBXBuildFile; fileRef = 7D95F85F1EAC09290006C943 /* Time.swift */; };
		7D95F8631EAC1E270006C943 /* LinkTableViewCell.swift in Sources */ = {isa = PBXBuildFile; fileRef = 7D95F8621EAC1E270006C943 /* LinkTableViewCell.swift */; };
		7D95F8651EAC20A70006C943 /* ButtonTableViewCell.swift in Sources */ = {isa = PBXBuildFile; fileRef = 7D95F8641EAC20A70006C943 /* ButtonTableViewCell.swift */; };
		7D95F8671EAC211C0006C943 /* ToggleTableViewCell.swift in Sources */ = {isa = PBXBuildFile; fileRef = 7D95F8661EAC211C0006C943 /* ToggleTableViewCell.swift */; };
		7D95F8691EAC22490006C943 /* ActionTableViewCell.swift in Sources */ = {isa = PBXBuildFile; fileRef = 7D95F8681EAC22490006C943 /* ActionTableViewCell.swift */; };
		7D996A951E97025F00466A21 /* ListingsFilterTableViewController.swift in Sources */ = {isa = PBXBuildFile; fileRef = 7D996A941E97025F00466A21 /* ListingsFilterTableViewController.swift */; };
		7DA6D92A1E7F6ECE00CD5D02 /* CourseSearchResult.swift in Sources */ = {isa = PBXBuildFile; fileRef = 7DA6D9201E7F6ECE00CD5D02 /* CourseSearchResult.swift */; };
		7DA6D92B1E7F6ECE00CD5D02 /* NewsItem.swift in Sources */ = {isa = PBXBuildFile; fileRef = 7DA6D9211E7F6ECE00CD5D02 /* NewsItem.swift */; };
		7DA6D92C1E7F6ECE00CD5D02 /* Course.swift in Sources */ = {isa = PBXBuildFile; fileRef = 7DA6D9221E7F6ECE00CD5D02 /* Course.swift */; };
		7DA6D92D1E7F6ECE00CD5D02 /* User.swift in Sources */ = {isa = PBXBuildFile; fileRef = 7DA6D9231E7F6ECE00CD5D02 /* User.swift */; };
		7DA6D92E1E7F6ECE00CD5D02 /* NetworkManager.swift in Sources */ = {isa = PBXBuildFile; fileRef = 7DA6D9241E7F6ECE00CD5D02 /* NetworkManager.swift */; };
		7DA6D92F1E7F6ECE00CD5D02 /* CourseMeeting.swift in Sources */ = {isa = PBXBuildFile; fileRef = 7DA6D9251E7F6ECE00CD5D02 /* CourseMeeting.swift */; };
		7DA6D9301E7F6ECE00CD5D02 /* Term.swift in Sources */ = {isa = PBXBuildFile; fileRef = 7DA6D9261E7F6ECE00CD5D02 /* Term.swift */; };
		7DA6D9311E7F6ECE00CD5D02 /* Grade.swift in Sources */ = {isa = PBXBuildFile; fileRef = 7DA6D9271E7F6ECE00CD5D02 /* Grade.swift */; };
		7DA6D9321E7F6ECE00CD5D02 /* Credential.swift in Sources */ = {isa = PBXBuildFile; fileRef = 7DA6D9281E7F6ECE00CD5D02 /* Credential.swift */; };
		7DA6D9331E7F6ECE00CD5D02 /* Instructor.swift in Sources */ = {isa = PBXBuildFile; fileRef = 7DA6D9291E7F6ECE00CD5D02 /* Instructor.swift */; };
		7DA6D9411E7F6F6800CD5D02 /* CourseDetailTableViewController.swift in Sources */ = {isa = PBXBuildFile; fileRef = 7DA6D9361E7F6F6800CD5D02 /* CourseDetailTableViewController.swift */; };
		7DA6D9421E7F6F6800CD5D02 /* CourseListViewController.swift in Sources */ = {isa = PBXBuildFile; fileRef = 7DA6D9371E7F6F6800CD5D02 /* CourseListViewController.swift */; };
		7DA6D9431E7F6F6800CD5D02 /* CoursePageViewController.swift in Sources */ = {isa = PBXBuildFile; fileRef = 7DA6D9381E7F6F6800CD5D02 /* CoursePageViewController.swift */; };
		7DA6D9451E7F6F6800CD5D02 /* CourseSearchTableViewController.swift in Sources */ = {isa = PBXBuildFile; fileRef = 7DA6D93A1E7F6F6800CD5D02 /* CourseSearchTableViewController.swift */; };
		7DA6D9461E7F6F6800CD5D02 /* CourseViewController.swift in Sources */ = {isa = PBXBuildFile; fileRef = 7DA6D93B1E7F6F6800CD5D02 /* CourseViewController.swift */; };
		7DA6D9471E7F6F6800CD5D02 /* NewsDetailTableViewController.swift in Sources */ = {isa = PBXBuildFile; fileRef = 7DA6D93D1E7F6F6800CD5D02 /* NewsDetailTableViewController.swift */; };
		7DA6D9481E7F6F6800CD5D02 /* NewsFilterTableViewController.swift in Sources */ = {isa = PBXBuildFile; fileRef = 7DA6D93E1E7F6F6800CD5D02 /* NewsFilterTableViewController.swift */; };
		7DA6D9491E7F6F6800CD5D02 /* NewsTableViewController.swift in Sources */ = {isa = PBXBuildFile; fileRef = 7DA6D93F1E7F6F6800CD5D02 /* NewsTableViewController.swift */; };
		7DA6D9551E7F6FC500CD5D02 /* CourseCalendarTableViewCell.swift in Sources */ = {isa = PBXBuildFile; fileRef = 7DA6D94D1E7F6FC500CD5D02 /* CourseCalendarTableViewCell.swift */; };
		7DA6D9561E7F6FC500CD5D02 /* CourseCalendarView.swift in Sources */ = {isa = PBXBuildFile; fileRef = 7DA6D94E1E7F6FC500CD5D02 /* CourseCalendarView.swift */; };
		7DA6D9571E7F6FC500CD5D02 /* CourseDetailHeaderTableViewCell.swift in Sources */ = {isa = PBXBuildFile; fileRef = 7DA6D94F1E7F6FC500CD5D02 /* CourseDetailHeaderTableViewCell.swift */; };
		7DA6D9581E7F6FC500CD5D02 /* NewsBodyTableViewCell.swift in Sources */ = {isa = PBXBuildFile; fileRef = 7DA6D9511E7F6FC500CD5D02 /* NewsBodyTableViewCell.swift */; };
		7DA6D9591E7F6FC500CD5D02 /* NewsHeaderTableViewCell.swift in Sources */ = {isa = PBXBuildFile; fileRef = 7DA6D9521E7F6FC500CD5D02 /* NewsHeaderTableViewCell.swift */; };
		7DA6D95B1E7F6FC500CD5D02 /* NewsItemTableViewCell.swift in Sources */ = {isa = PBXBuildFile; fileRef = 7DA6D9541E7F6FC500CD5D02 /* NewsItemTableViewCell.swift */; };
		7DA6D9651E7F6FFF00CD5D02 /* Date+String.swift in Sources */ = {isa = PBXBuildFile; fileRef = 7DA6D95D1E7F6FFF00CD5D02 /* Date+String.swift */; };
		7DA6D9671E7F6FFF00CD5D02 /* JSON+Date.swift in Sources */ = {isa = PBXBuildFile; fileRef = 7DA6D95F1E7F6FFF00CD5D02 /* JSON+Date.swift */; };
		7DA6D9681E7F6FFF00CD5D02 /* ScaleAspectFitImageView.swift in Sources */ = {isa = PBXBuildFile; fileRef = 7DA6D9601E7F6FFF00CD5D02 /* ScaleAspectFitImageView.swift */; };
		7DA6D9691E7F6FFF00CD5D02 /* String+Boyer-Moore-Horspool.swift in Sources */ = {isa = PBXBuildFile; fileRef = 7DA6D9611E7F6FFF00CD5D02 /* String+Boyer-Moore-Horspool.swift */; };
		7DA6D96A1E7F6FFF00CD5D02 /* String+CGFloat.swift in Sources */ = {isa = PBXBuildFile; fileRef = 7DA6D9621E7F6FFF00CD5D02 /* String+CGFloat.swift */; };
		7DA6D96B1E7F6FFF00CD5D02 /* String+Date.swift in Sources */ = {isa = PBXBuildFile; fileRef = 7DA6D9631E7F6FFF00CD5D02 /* String+Date.swift */; };
		7DA6D96C1E7F6FFF00CD5D02 /* UIColor.swift in Sources */ = {isa = PBXBuildFile; fileRef = 7DA6D9641E7F6FFF00CD5D02 /* UIColor.swift */; };
		7DA6D96E1E7F72B700CD5D02 /* SignInTableViewController.swift in Sources */ = {isa = PBXBuildFile; fileRef = 7DA6D96D1E7F72B700CD5D02 /* SignInTableViewController.swift */; };
		7DCC7F1B1E9454E900714100 /* UITableView+UIActivityIndicator.swift in Sources */ = {isa = PBXBuildFile; fileRef = 7DCC7F1A1E9454E900714100 /* UITableView+UIActivityIndicator.swift */; };
		7DDB0BDE1EA85AB4001B5DE5 /* MapsDetailViewController.swift in Sources */ = {isa = PBXBuildFile; fileRef = 7DDB0BDD1EA85AB4001B5DE5 /* MapsDetailViewController.swift */; };
		7DDB0BE01EA8666A001B5DE5 /* TableViewDisplayable.swift in Sources */ = {isa = PBXBuildFile; fileRef = 7DDB0BDF1EA8666A001B5DE5 /* TableViewDisplayable.swift */; };
		7DE27BD51E932D03004C2F83 /* ListingCollectionViewCell.swift in Sources */ = {isa = PBXBuildFile; fileRef = 7DE27BD41E932D03004C2F83 /* ListingCollectionViewCell.swift */; };
		7DE27BD71E932E1C004C2F83 /* BlurryListingDetailView.swift in Sources */ = {isa = PBXBuildFile; fileRef = 7DE27BD61E932E1C004C2F83 /* BlurryListingDetailView.swift */; };
		7DE27BD91E932E3A004C2F83 /* ListingDetailView.swift in Sources */ = {isa = PBXBuildFile; fileRef = 7DE27BD81E932E3A004C2F83 /* ListingDetailView.swift */; };
		7DE27BDB1E93458D004C2F83 /* MarketplaceUser.swift in Sources */ = {isa = PBXBuildFile; fileRef = 7DE27BDA1E93458D004C2F83 /* MarketplaceUser.swift */; };
		7DFF54741E9B134200A8A849 /* MyListingsTableViewController.swift in Sources */ = {isa = PBXBuildFile; fileRef = 7DFF54731E9B134200A8A849 /* MyListingsTableViewController.swift */; };
		941AB645B5C3E0E6A95DACF2 /* Pods_TUHubUITests.framework in Frameworks */ = {isa = PBXBuildFile; fileRef = 9BCC307919AD5A4C9159AAE0 /* Pods_TUHubUITests.framework */; };
		A1D62E3F439C1C254F6FC729 /* Pods_TUHub.framework in Frameworks */ = {isa = PBXBuildFile; fileRef = 9048A865C973948E6821D8E5 /* Pods_TUHub.framework */; };
/* End PBXBuildFile section */

/* Begin PBXContainerItemProxy section */
		7D043A631E5BF7EF0003A853 /* PBXContainerItemProxy */ = {
			isa = PBXContainerItemProxy;
			containerPortal = 7D043A441E5BF7EF0003A853 /* Project object */;
			proxyType = 1;
			remoteGlobalIDString = 7D043A4B1E5BF7EF0003A853;
			remoteInfo = TUHub;
		};
		7D043A6E1E5BF7EF0003A853 /* PBXContainerItemProxy */ = {
			isa = PBXContainerItemProxy;
			containerPortal = 7D043A441E5BF7EF0003A853 /* Project object */;
			proxyType = 1;
			remoteGlobalIDString = 7D043A4B1E5BF7EF0003A853;
			remoteInfo = TUHub;
		};
/* End PBXContainerItemProxy section */

/* Begin PBXFileReference section */
		222B8DB31EA8FF56005503A8 /* MoreTableViewController.swift */ = {isa = PBXFileReference; fileEncoding = 4; lastKnownFileType = sourcecode.swift; path = MoreTableViewController.swift; sourceTree = "<group>"; };
		222B8DB81EA90916005503A8 /* LocalAuthentication.framework */ = {isa = PBXFileReference; lastKnownFileType = wrapper.framework; name = LocalAuthentication.framework; path = System/Library/Frameworks/LocalAuthentication.framework; sourceTree = SDKROOT; };
		225A66041E8EA7760063337A /* ListingDetailTableViewController.swift */ = {isa = PBXFileReference; fileEncoding = 4; lastKnownFileType = sourcecode.swift; path = ListingDetailTableViewController.swift; sourceTree = "<group>"; };
		227F30491E930B2900DE1752 /* MessageUI.framework */ = {isa = PBXFileReference; lastKnownFileType = wrapper.framework; name = MessageUI.framework; path = System/Library/Frameworks/MessageUI.framework; sourceTree = SDKROOT; };
		22CF589F1EAA857600E011D5 /* TouchIDViewController.swift */ = {isa = PBXFileReference; fileEncoding = 4; lastKnownFileType = sourcecode.swift; path = TouchIDViewController.swift; sourceTree = "<group>"; };
		3361CEFB73AA8E72E9E0B46D /* Pods-TUHubTests.release.xcconfig */ = {isa = PBXFileReference; includeInIndex = 1; lastKnownFileType = text.xcconfig; name = "Pods-TUHubTests.release.xcconfig"; path = "Pods/Target Support Files/Pods-TUHubTests/Pods-TUHubTests.release.xcconfig"; sourceTree = "<group>"; };
		3BBBD4D5AE6A3197E62F3182 /* Pods-TUHubUITests.debug.xcconfig */ = {isa = PBXFileReference; includeInIndex = 1; lastKnownFileType = text.xcconfig; name = "Pods-TUHubUITests.debug.xcconfig"; path = "Pods/Target Support Files/Pods-TUHubUITests/Pods-TUHubUITests.debug.xcconfig"; sourceTree = "<group>"; };
		6DDB0DADD33842008B60C6C1 /* Pods-TUHubUITests.release.xcconfig */ = {isa = PBXFileReference; includeInIndex = 1; lastKnownFileType = text.xcconfig; name = "Pods-TUHubUITests.release.xcconfig"; path = "Pods/Target Support Files/Pods-TUHubUITests/Pods-TUHubUITests.release.xcconfig"; sourceTree = "<group>"; };
		7D043A4C1E5BF7EF0003A853 /* TUHub.app */ = {isa = PBXFileReference; explicitFileType = wrapper.application; includeInIndex = 0; path = TUHub.app; sourceTree = BUILT_PRODUCTS_DIR; };
		7D043A4F1E5BF7EF0003A853 /* AppDelegate.swift */ = {isa = PBXFileReference; lastKnownFileType = sourcecode.swift; path = AppDelegate.swift; sourceTree = "<group>"; };
		7D043A561E5BF7EF0003A853 /* Base */ = {isa = PBXFileReference; lastKnownFileType = file.storyboard; name = Base; path = Base.lproj/Main.storyboard; sourceTree = "<group>"; };
		7D043A581E5BF7EF0003A853 /* Assets.xcassets */ = {isa = PBXFileReference; lastKnownFileType = folder.assetcatalog; path = Assets.xcassets; sourceTree = "<group>"; };
		7D043A5B1E5BF7EF0003A853 /* Base */ = {isa = PBXFileReference; lastKnownFileType = file.storyboard; name = Base; path = Base.lproj/LaunchScreen.storyboard; sourceTree = "<group>"; };
		7D043A5D1E5BF7EF0003A853 /* Info.plist */ = {isa = PBXFileReference; lastKnownFileType = text.plist.xml; path = Info.plist; sourceTree = "<group>"; };
		7D043A621E5BF7EF0003A853 /* TUHubTests.xctest */ = {isa = PBXFileReference; explicitFileType = wrapper.cfbundle; includeInIndex = 0; path = TUHubTests.xctest; sourceTree = BUILT_PRODUCTS_DIR; };
		7D043A661E5BF7EF0003A853 /* TUHubTests.swift */ = {isa = PBXFileReference; lastKnownFileType = sourcecode.swift; path = TUHubTests.swift; sourceTree = "<group>"; };
		7D043A681E5BF7EF0003A853 /* Info.plist */ = {isa = PBXFileReference; lastKnownFileType = text.plist.xml; path = Info.plist; sourceTree = "<group>"; };
		7D043A6D1E5BF7EF0003A853 /* TUHubUITests.xctest */ = {isa = PBXFileReference; explicitFileType = wrapper.cfbundle; includeInIndex = 0; path = TUHubUITests.xctest; sourceTree = BUILT_PRODUCTS_DIR; };
		7D043A711E5BF7EF0003A853 /* TUHubUITests.swift */ = {isa = PBXFileReference; lastKnownFileType = sourcecode.swift; path = TUHubUITests.swift; sourceTree = "<group>"; };
		7D043A731E5BF7EF0003A853 /* Info.plist */ = {isa = PBXFileReference; lastKnownFileType = text.plist.xml; path = Info.plist; sourceTree = "<group>"; };
		7D33C2141E9974D300101751 /* ImageCollection.swift */ = {isa = PBXFileReference; fileEncoding = 4; lastKnownFileType = sourcecode.swift; name = ImageCollection.swift; path = Models/ImageCollection.swift; sourceTree = "<group>"; };
		7D33C2161E99754F00101751 /* AWS.swift */ = {isa = PBXFileReference; fileEncoding = 4; lastKnownFileType = sourcecode.swift; path = AWS.swift; sourceTree = "<group>"; };
		7D439E021E8D6F4400FF5538 /* ListingsCollectionViewController.swift */ = {isa = PBXFileReference; fileEncoding = 4; lastKnownFileType = sourcecode.swift; path = ListingsCollectionViewController.swift; sourceTree = "<group>"; };
		7D48E1211E9212B6000981D8 /* Product.swift */ = {isa = PBXFileReference; fileEncoding = 4; lastKnownFileType = sourcecode.swift; name = Product.swift; path = Models/Product.swift; sourceTree = "<group>"; };
		7D48E1251E92B802000981D8 /* TextViewTableViewCell.swift */ = {isa = PBXFileReference; fileEncoding = 4; lastKnownFileType = sourcecode.swift; name = TextViewTableViewCell.swift; path = Marketplace/TextViewTableViewCell.swift; sourceTree = "<group>"; };
		7D48E1271E92B826000981D8 /* TextFieldTableViewCell.swift */ = {isa = PBXFileReference; fileEncoding = 4; lastKnownFileType = sourcecode.swift; name = TextFieldTableViewCell.swift; path = Marketplace/TextFieldTableViewCell.swift; sourceTree = "<group>"; };
		7D4E57EC1E920389000B7719 /* Listing.swift */ = {isa = PBXFileReference; fileEncoding = 4; lastKnownFileType = sourcecode.swift; name = Listing.swift; path = Models/Listing.swift; sourceTree = "<group>"; };
		7D4E57F41E9211AD000B7719 /* Personal.swift */ = {isa = PBXFileReference; fileEncoding = 4; lastKnownFileType = sourcecode.swift; name = Personal.swift; path = Models/Personal.swift; sourceTree = "<group>"; };
		7D4E57F51E9211AD000B7719 /* Job.swift */ = {isa = PBXFileReference; fileEncoding = 4; lastKnownFileType = sourcecode.swift; name = Job.swift; path = Models/Job.swift; sourceTree = "<group>"; };
		7D5F61A11E9A827A000A1F1A /* MarketplaceSignUpViewController.swift */ = {isa = PBXFileReference; fileEncoding = 4; lastKnownFileType = sourcecode.swift; path = MarketplaceSignUpViewController.swift; sourceTree = "<group>"; };
		7D66B8221EADBD010014835B /* MKDirectionsTransportType+String.swift */ = {isa = PBXFileReference; fileEncoding = 4; lastKnownFileType = sourcecode.swift; path = "MKDirectionsTransportType+String.swift"; sourceTree = "<group>"; };
		7D66B8261EAEBF970014835B /* EditListingViewController.swift */ = {isa = PBXFileReference; fileEncoding = 4; lastKnownFileType = sourcecode.swift; path = EditListingViewController.swift; sourceTree = "<group>"; };
		7D6E2E7F1EA917A100A7DBB2 /* StreetViewAPI.swift */ = {isa = PBXFileReference; fileEncoding = 4; lastKnownFileType = sourcecode.swift; path = StreetViewAPI.swift; sourceTree = "<group>"; };
		7D6E2E811EA922B200A7DBB2 /* ImageGalleryTableViewCell.swift */ = {isa = PBXFileReference; fileEncoding = 4; lastKnownFileType = sourcecode.swift; path = ImageGalleryTableViewCell.swift; sourceTree = "<group>"; };
		7D6E2E821EA922B200A7DBB2 /* ImageGalleryTableViewCell.xib */ = {isa = PBXFileReference; fileEncoding = 4; lastKnownFileType = file.xib; path = ImageGalleryTableViewCell.xib; sourceTree = "<group>"; };
		7D6E2E8B1EA92AC900A7DBB2 /* ImageGalleryCollectionViewCell.swift */ = {isa = PBXFileReference; fileEncoding = 4; lastKnownFileType = sourcecode.swift; path = ImageGalleryCollectionViewCell.swift; sourceTree = "<group>"; };
		7D6E2E8C1EA92AC900A7DBB2 /* ImageGalleryCollectionViewCell.xib */ = {isa = PBXFileReference; fileEncoding = 4; lastKnownFileType = file.xib; path = ImageGalleryCollectionViewCell.xib; sourceTree = "<group>"; };
		7D6E2E8F1EA9623100A7DBB2 /* Location.swift */ = {isa = PBXFileReference; fileEncoding = 4; lastKnownFileType = sourcecode.swift; path = Location.swift; sourceTree = "<group>"; };
		7D7164DE1E95AD900027EDD5 /* CourseSearchResultTableViewDataSource.swift */ = {isa = PBXFileReference; fileEncoding = 4; lastKnownFileType = sourcecode.swift; path = CourseSearchResultTableViewDataSource.swift; sourceTree = "<group>"; };
		7D7164E01E95AF930027EDD5 /* CourseTableViewDataSource.swift */ = {isa = PBXFileReference; fileEncoding = 4; lastKnownFileType = sourcecode.swift; path = CourseTableViewDataSource.swift; sourceTree = "<group>"; };
		7D7164E21E95B1040027EDD5 /* CourseDetailTableViewControllerCellType.swift */ = {isa = PBXFileReference; fileEncoding = 4; lastKnownFileType = sourcecode.swift; path = CourseDetailTableViewControllerCellType.swift; sourceTree = "<group>"; };
		7D74A2901EA14A5E00F8C04D /* HoursTableViewCell.swift */ = {isa = PBXFileReference; fileEncoding = 4; lastKnownFileType = sourcecode.swift; name = HoursTableViewCell.swift; path = Maps/HoursTableViewCell.swift; sourceTree = "<group>"; };
		7D79DB961EAD606400B43F00 /* ETAView.swift */ = {isa = PBXFileReference; fileEncoding = 4; lastKnownFileType = sourcecode.swift; name = ETAView.swift; path = Maps/ETAView.swift; sourceTree = "<group>"; };
		7D79DB981EAD607600B43F00 /* ETAView.xib */ = {isa = PBXFileReference; fileEncoding = 4; lastKnownFileType = file.xib; name = ETAView.xib; path = Maps/ETAView.xib; sourceTree = "<group>"; };
		7D7E0E361E9C0CC1007A1D16 /* Marketplace.storyboard */ = {isa = PBXFileReference; fileEncoding = 4; lastKnownFileType = file.storyboard; name = Marketplace.storyboard; path = UI/Marketplace.storyboard; sourceTree = "<group>"; };
		7D7E0E381E9C0CFF007A1D16 /* Courses.storyboard */ = {isa = PBXFileReference; fileEncoding = 4; lastKnownFileType = file.storyboard; name = Courses.storyboard; path = UI/Courses.storyboard; sourceTree = "<group>"; };
		7D7E0E3A1E9C0D46007A1D16 /* Maps.storyboard */ = {isa = PBXFileReference; fileEncoding = 4; lastKnownFileType = file.storyboard; name = Maps.storyboard; path = UI/Maps.storyboard; sourceTree = "<group>"; };
		7D7E0E3C1E9C0D52007A1D16 /* News.storyboard */ = {isa = PBXFileReference; fileEncoding = 4; lastKnownFileType = file.storyboard; name = News.storyboard; path = UI/News.storyboard; sourceTree = "<group>"; };
		7D7E0E3E1E9C0D5F007A1D16 /* More.storyboard */ = {isa = PBXFileReference; fileEncoding = 4; lastKnownFileType = file.storyboard; name = More.storyboard; path = UI/More.storyboard; sourceTree = "<group>"; };
		7D7E0E401E9D7DED007A1D16 /* Campus.swift */ = {isa = PBXFileReference; fileEncoding = 4; lastKnownFileType = sourcecode.swift; name = Campus.swift; path = Models/Campus.swift; sourceTree = "<group>"; };
		7D7E0E421E9D9929007A1D16 /* YLPClient+Secret.swift */ = {isa = PBXFileReference; fileEncoding = 4; lastKnownFileType = sourcecode.swift; path = "YLPClient+Secret.swift"; sourceTree = "<group>"; };
		7D7FD0101E85922300CE769F /* String+NSRegularExpression.swift */ = {isa = PBXFileReference; fileEncoding = 4; lastKnownFileType = sourcecode.swift; path = "String+NSRegularExpression.swift"; sourceTree = "<group>"; };
		7D7FD0121E85ADE800CE769F /* MapsViewController.swift */ = {isa = PBXFileReference; fileEncoding = 4; lastKnownFileType = sourcecode.swift; name = MapsViewController.swift; path = Maps/MapsViewController.swift; sourceTree = "<group>"; };
		7D7FD0151E85AE3D00CE769F /* MapsSearchResultsTableViewController.swift */ = {isa = PBXFileReference; fileEncoding = 4; lastKnownFileType = sourcecode.swift; name = MapsSearchResultsTableViewController.swift; path = Maps/MapsSearchResultsTableViewController.swift; sourceTree = "<group>"; };
		7D7FD0171E85B18700CE769F /* MapKit.framework */ = {isa = PBXFileReference; lastKnownFileType = wrapper.framework; name = MapKit.framework; path = System/Library/Frameworks/MapKit.framework; sourceTree = SDKROOT; };
		7D870E481EB5340000252F82 /* libxml2.tbd */ = {isa = PBXFileReference; lastKnownFileType = "sourcecode.text-based-dylib-definition"; name = libxml2.tbd; path = usr/lib/libxml2.tbd; sourceTree = SDKROOT; };
		7D8A1A5B1E9825FF006401A1 /* AddListingViewController.swift */ = {isa = PBXFileReference; fileEncoding = 4; lastKnownFileType = sourcecode.swift; path = AddListingViewController.swift; sourceTree = "<group>"; };
		7D8A1A5D1E982E01006401A1 /* CurrencyFormatter.swift */ = {isa = PBXFileReference; fileEncoding = 4; lastKnownFileType = sourcecode.swift; path = CurrencyFormatter.swift; sourceTree = "<group>"; };
		7D8A1A611E983959006401A1 /* ImagesRow.swift */ = {isa = PBXFileReference; fileEncoding = 4; lastKnownFileType = sourcecode.swift; name = ImagesRow.swift; path = Marketplace/ImagesRow.swift; sourceTree = "<group>"; };
		7D8A1A691E983B67006401A1 /* ImageCollectionViewCell.swift */ = {isa = PBXFileReference; fileEncoding = 4; lastKnownFileType = sourcecode.swift; name = ImageCollectionViewCell.swift; path = Marketplace/ImageCollectionViewCell.swift; sourceTree = "<group>"; };
		7D8A1A6A1E983B67006401A1 /* ImageCollectionViewCell.xib */ = {isa = PBXFileReference; fileEncoding = 4; lastKnownFileType = file.xib; name = ImageCollectionViewCell.xib; path = Marketplace/ImageCollectionViewCell.xib; sourceTree = "<group>"; };
		7D8A1A6E1E984196006401A1 /* ImagesCell.xib */ = {isa = PBXFileReference; fileEncoding = 4; lastKnownFileType = file.xib; name = ImagesCell.xib; path = Marketplace/ImagesCell.xib; sourceTree = "<group>"; };
		7D8A1A701E9848E1006401A1 /* ImagePickerViewController.swift */ = {isa = PBXFileReference; fileEncoding = 4; lastKnownFileType = sourcecode.swift; path = ImagePickerViewController.swift; sourceTree = "<group>"; };
		7D8D86B91EAF002B00704EC8 /* SubtitleTableViewCell.swift */ = {isa = PBXFileReference; fileEncoding = 4; lastKnownFileType = sourcecode.swift; name = SubtitleTableViewCell.swift; path = Marketplace/SubtitleTableViewCell.swift; sourceTree = "<group>"; };
		7D8D86BA1EAF002B00704EC8 /* ContactDetailViewCell.swift */ = {isa = PBXFileReference; fileEncoding = 4; lastKnownFileType = sourcecode.swift; name = ContactDetailViewCell.swift; path = Marketplace/ContactDetailViewCell.swift; sourceTree = "<group>"; };
		7D8D86BD1EAF003E00704EC8 /* MapsHeaderTableViewCell.swift */ = {isa = PBXFileReference; fileEncoding = 4; lastKnownFileType = sourcecode.swift; name = MapsHeaderTableViewCell.swift; path = Maps/MapsHeaderTableViewCell.swift; sourceTree = "<group>"; };
		7D9279FC1E836CCB00E8773F /* CarouselFlowLayout.swift */ = {isa = PBXFileReference; fileEncoding = 4; lastKnownFileType = sourcecode.swift; path = CarouselFlowLayout.swift; sourceTree = "<group>"; };
		7D942B771E9EC1DA00EEB312 /* Building.swift */ = {isa = PBXFileReference; fileEncoding = 4; lastKnownFileType = sourcecode.swift; name = Building.swift; path = Models/Building.swift; sourceTree = "<group>"; };
		7D942B791E9ED72700EEB312 /* BusinessTableViewCell.swift */ = {isa = PBXFileReference; fileEncoding = 4; lastKnownFileType = sourcecode.swift; name = BusinessTableViewCell.swift; path = Maps/BusinessTableViewCell.swift; sourceTree = "<group>"; };
		7D942B8B1EA003D400EEB312 /* MapsOptionsViewController.swift */ = {isa = PBXFileReference; fileEncoding = 4; lastKnownFileType = sourcecode.swift; name = MapsOptionsViewController.swift; path = Maps/MapsOptionsViewController.swift; sourceTree = "<group>"; };
		7D95F85F1EAC09290006C943 /* Time.swift */ = {isa = PBXFileReference; fileEncoding = 4; lastKnownFileType = sourcecode.swift; name = Time.swift; path = Models/Time.swift; sourceTree = "<group>"; };
		7D95F8621EAC1E270006C943 /* LinkTableViewCell.swift */ = {isa = PBXFileReference; fileEncoding = 4; lastKnownFileType = sourcecode.swift; name = LinkTableViewCell.swift; path = More/LinkTableViewCell.swift; sourceTree = "<group>"; };
		7D95F8641EAC20A70006C943 /* ButtonTableViewCell.swift */ = {isa = PBXFileReference; fileEncoding = 4; lastKnownFileType = sourcecode.swift; name = ButtonTableViewCell.swift; path = More/ButtonTableViewCell.swift; sourceTree = "<group>"; };
		7D95F8661EAC211C0006C943 /* ToggleTableViewCell.swift */ = {isa = PBXFileReference; fileEncoding = 4; lastKnownFileType = sourcecode.swift; name = ToggleTableViewCell.swift; path = More/ToggleTableViewCell.swift; sourceTree = "<group>"; };
		7D95F8681EAC22490006C943 /* ActionTableViewCell.swift */ = {isa = PBXFileReference; fileEncoding = 4; lastKnownFileType = sourcecode.swift; name = ActionTableViewCell.swift; path = More/ActionTableViewCell.swift; sourceTree = "<group>"; };
		7D996A941E97025F00466A21 /* ListingsFilterTableViewController.swift */ = {isa = PBXFileReference; fileEncoding = 4; lastKnownFileType = sourcecode.swift; path = ListingsFilterTableViewController.swift; sourceTree = "<group>"; };
		7DA6D9201E7F6ECE00CD5D02 /* CourseSearchResult.swift */ = {isa = PBXFileReference; fileEncoding = 4; lastKnownFileType = sourcecode.swift; name = CourseSearchResult.swift; path = Models/CourseSearchResult.swift; sourceTree = "<group>"; };
		7DA6D9211E7F6ECE00CD5D02 /* NewsItem.swift */ = {isa = PBXFileReference; fileEncoding = 4; lastKnownFileType = sourcecode.swift; name = NewsItem.swift; path = Models/NewsItem.swift; sourceTree = "<group>"; };
		7DA6D9221E7F6ECE00CD5D02 /* Course.swift */ = {isa = PBXFileReference; fileEncoding = 4; lastKnownFileType = sourcecode.swift; name = Course.swift; path = Models/Course.swift; sourceTree = "<group>"; };
		7DA6D9231E7F6ECE00CD5D02 /* User.swift */ = {isa = PBXFileReference; fileEncoding = 4; lastKnownFileType = sourcecode.swift; name = User.swift; path = Models/User.swift; sourceTree = "<group>"; };
		7DA6D9241E7F6ECE00CD5D02 /* NetworkManager.swift */ = {isa = PBXFileReference; fileEncoding = 4; lastKnownFileType = sourcecode.swift; name = NetworkManager.swift; path = Models/NetworkManager.swift; sourceTree = "<group>"; };
		7DA6D9251E7F6ECE00CD5D02 /* CourseMeeting.swift */ = {isa = PBXFileReference; fileEncoding = 4; lastKnownFileType = sourcecode.swift; name = CourseMeeting.swift; path = Models/CourseMeeting.swift; sourceTree = "<group>"; };
		7DA6D9261E7F6ECE00CD5D02 /* Term.swift */ = {isa = PBXFileReference; fileEncoding = 4; lastKnownFileType = sourcecode.swift; name = Term.swift; path = Models/Term.swift; sourceTree = "<group>"; };
		7DA6D9271E7F6ECE00CD5D02 /* Grade.swift */ = {isa = PBXFileReference; fileEncoding = 4; lastKnownFileType = sourcecode.swift; name = Grade.swift; path = Models/Grade.swift; sourceTree = "<group>"; };
		7DA6D9281E7F6ECE00CD5D02 /* Credential.swift */ = {isa = PBXFileReference; fileEncoding = 4; lastKnownFileType = sourcecode.swift; name = Credential.swift; path = Models/Credential.swift; sourceTree = "<group>"; };
		7DA6D9291E7F6ECE00CD5D02 /* Instructor.swift */ = {isa = PBXFileReference; fileEncoding = 4; lastKnownFileType = sourcecode.swift; name = Instructor.swift; path = Models/Instructor.swift; sourceTree = "<group>"; };
		7DA6D9361E7F6F6800CD5D02 /* CourseDetailTableViewController.swift */ = {isa = PBXFileReference; fileEncoding = 4; lastKnownFileType = sourcecode.swift; path = CourseDetailTableViewController.swift; sourceTree = "<group>"; };
		7DA6D9371E7F6F6800CD5D02 /* CourseListViewController.swift */ = {isa = PBXFileReference; fileEncoding = 4; lastKnownFileType = sourcecode.swift; path = CourseListViewController.swift; sourceTree = "<group>"; };
		7DA6D9381E7F6F6800CD5D02 /* CoursePageViewController.swift */ = {isa = PBXFileReference; fileEncoding = 4; lastKnownFileType = sourcecode.swift; path = CoursePageViewController.swift; sourceTree = "<group>"; };
		7DA6D93A1E7F6F6800CD5D02 /* CourseSearchTableViewController.swift */ = {isa = PBXFileReference; fileEncoding = 4; lastKnownFileType = sourcecode.swift; path = CourseSearchTableViewController.swift; sourceTree = "<group>"; };
		7DA6D93B1E7F6F6800CD5D02 /* CourseViewController.swift */ = {isa = PBXFileReference; fileEncoding = 4; lastKnownFileType = sourcecode.swift; path = CourseViewController.swift; sourceTree = "<group>"; };
		7DA6D93D1E7F6F6800CD5D02 /* NewsDetailTableViewController.swift */ = {isa = PBXFileReference; fileEncoding = 4; lastKnownFileType = sourcecode.swift; path = NewsDetailTableViewController.swift; sourceTree = "<group>"; };
		7DA6D93E1E7F6F6800CD5D02 /* NewsFilterTableViewController.swift */ = {isa = PBXFileReference; fileEncoding = 4; lastKnownFileType = sourcecode.swift; path = NewsFilterTableViewController.swift; sourceTree = "<group>"; };
		7DA6D93F1E7F6F6800CD5D02 /* NewsTableViewController.swift */ = {isa = PBXFileReference; fileEncoding = 4; lastKnownFileType = sourcecode.swift; path = NewsTableViewController.swift; sourceTree = "<group>"; };
		7DA6D94D1E7F6FC500CD5D02 /* CourseCalendarTableViewCell.swift */ = {isa = PBXFileReference; fileEncoding = 4; lastKnownFileType = sourcecode.swift; path = CourseCalendarTableViewCell.swift; sourceTree = "<group>"; };
		7DA6D94E1E7F6FC500CD5D02 /* CourseCalendarView.swift */ = {isa = PBXFileReference; fileEncoding = 4; lastKnownFileType = sourcecode.swift; path = CourseCalendarView.swift; sourceTree = "<group>"; };
		7DA6D94F1E7F6FC500CD5D02 /* CourseDetailHeaderTableViewCell.swift */ = {isa = PBXFileReference; fileEncoding = 4; lastKnownFileType = sourcecode.swift; path = CourseDetailHeaderTableViewCell.swift; sourceTree = "<group>"; };
		7DA6D9511E7F6FC500CD5D02 /* NewsBodyTableViewCell.swift */ = {isa = PBXFileReference; fileEncoding = 4; lastKnownFileType = sourcecode.swift; path = NewsBodyTableViewCell.swift; sourceTree = "<group>"; };
		7DA6D9521E7F6FC500CD5D02 /* NewsHeaderTableViewCell.swift */ = {isa = PBXFileReference; fileEncoding = 4; lastKnownFileType = sourcecode.swift; path = NewsHeaderTableViewCell.swift; sourceTree = "<group>"; };
		7DA6D9541E7F6FC500CD5D02 /* NewsItemTableViewCell.swift */ = {isa = PBXFileReference; fileEncoding = 4; lastKnownFileType = sourcecode.swift; path = NewsItemTableViewCell.swift; sourceTree = "<group>"; };
		7DA6D95D1E7F6FFF00CD5D02 /* Date+String.swift */ = {isa = PBXFileReference; fileEncoding = 4; lastKnownFileType = sourcecode.swift; path = "Date+String.swift"; sourceTree = "<group>"; };
		7DA6D95F1E7F6FFF00CD5D02 /* JSON+Date.swift */ = {isa = PBXFileReference; fileEncoding = 4; lastKnownFileType = sourcecode.swift; path = "JSON+Date.swift"; sourceTree = "<group>"; };
		7DA6D9601E7F6FFF00CD5D02 /* ScaleAspectFitImageView.swift */ = {isa = PBXFileReference; fileEncoding = 4; lastKnownFileType = sourcecode.swift; path = ScaleAspectFitImageView.swift; sourceTree = "<group>"; };
		7DA6D9611E7F6FFF00CD5D02 /* String+Boyer-Moore-Horspool.swift */ = {isa = PBXFileReference; fileEncoding = 4; lastKnownFileType = sourcecode.swift; path = "String+Boyer-Moore-Horspool.swift"; sourceTree = "<group>"; };
		7DA6D9621E7F6FFF00CD5D02 /* String+CGFloat.swift */ = {isa = PBXFileReference; fileEncoding = 4; lastKnownFileType = sourcecode.swift; path = "String+CGFloat.swift"; sourceTree = "<group>"; };
		7DA6D9631E7F6FFF00CD5D02 /* String+Date.swift */ = {isa = PBXFileReference; fileEncoding = 4; lastKnownFileType = sourcecode.swift; path = "String+Date.swift"; sourceTree = "<group>"; };
		7DA6D9641E7F6FFF00CD5D02 /* UIColor.swift */ = {isa = PBXFileReference; fileEncoding = 4; lastKnownFileType = sourcecode.swift; path = UIColor.swift; sourceTree = "<group>"; };
		7DA6D96D1E7F72B700CD5D02 /* SignInTableViewController.swift */ = {isa = PBXFileReference; fileEncoding = 4; lastKnownFileType = sourcecode.swift; path = SignInTableViewController.swift; sourceTree = "<group>"; };
		7DCC7F1A1E9454E900714100 /* UITableView+UIActivityIndicator.swift */ = {isa = PBXFileReference; fileEncoding = 4; lastKnownFileType = sourcecode.swift; path = "UITableView+UIActivityIndicator.swift"; sourceTree = "<group>"; };
		7DDB0BDD1EA85AB4001B5DE5 /* MapsDetailViewController.swift */ = {isa = PBXFileReference; fileEncoding = 4; lastKnownFileType = sourcecode.swift; name = MapsDetailViewController.swift; path = Maps/MapsDetailViewController.swift; sourceTree = "<group>"; };
		7DDB0BDF1EA8666A001B5DE5 /* TableViewDisplayable.swift */ = {isa = PBXFileReference; fileEncoding = 4; lastKnownFileType = sourcecode.swift; path = TableViewDisplayable.swift; sourceTree = "<group>"; };
		7DE27BD41E932D03004C2F83 /* ListingCollectionViewCell.swift */ = {isa = PBXFileReference; fileEncoding = 4; lastKnownFileType = sourcecode.swift; name = ListingCollectionViewCell.swift; path = Marketplace/ListingCollectionViewCell.swift; sourceTree = "<group>"; };
		7DE27BD61E932E1C004C2F83 /* BlurryListingDetailView.swift */ = {isa = PBXFileReference; fileEncoding = 4; lastKnownFileType = sourcecode.swift; name = BlurryListingDetailView.swift; path = Marketplace/BlurryListingDetailView.swift; sourceTree = "<group>"; };
		7DE27BD81E932E3A004C2F83 /* ListingDetailView.swift */ = {isa = PBXFileReference; fileEncoding = 4; lastKnownFileType = sourcecode.swift; name = ListingDetailView.swift; path = Marketplace/ListingDetailView.swift; sourceTree = "<group>"; };
		7DE27BDA1E93458D004C2F83 /* MarketplaceUser.swift */ = {isa = PBXFileReference; fileEncoding = 4; lastKnownFileType = sourcecode.swift; name = MarketplaceUser.swift; path = Models/MarketplaceUser.swift; sourceTree = "<group>"; };
		7DFF54731E9B134200A8A849 /* MyListingsTableViewController.swift */ = {isa = PBXFileReference; fileEncoding = 4; lastKnownFileType = sourcecode.swift; path = MyListingsTableViewController.swift; sourceTree = "<group>"; };
		806A184B82A477E750A74ED6 /* Pods-TUHub.release.xcconfig */ = {isa = PBXFileReference; includeInIndex = 1; lastKnownFileType = text.xcconfig; name = "Pods-TUHub.release.xcconfig"; path = "Pods/Target Support Files/Pods-TUHub/Pods-TUHub.release.xcconfig"; sourceTree = "<group>"; };
		9048A865C973948E6821D8E5 /* Pods_TUHub.framework */ = {isa = PBXFileReference; explicitFileType = wrapper.framework; includeInIndex = 0; path = Pods_TUHub.framework; sourceTree = BUILT_PRODUCTS_DIR; };
		9BCC307919AD5A4C9159AAE0 /* Pods_TUHubUITests.framework */ = {isa = PBXFileReference; explicitFileType = wrapper.framework; includeInIndex = 0; path = Pods_TUHubUITests.framework; sourceTree = BUILT_PRODUCTS_DIR; };
		B6B83BCB5F7B95784508A4F9 /* Pods-TUHubTests.debug.xcconfig */ = {isa = PBXFileReference; includeInIndex = 1; lastKnownFileType = text.xcconfig; name = "Pods-TUHubTests.debug.xcconfig"; path = "Pods/Target Support Files/Pods-TUHubTests/Pods-TUHubTests.debug.xcconfig"; sourceTree = "<group>"; };
		C369AC415ABB8738F6351247 /* Pods_TUHubTests.framework */ = {isa = PBXFileReference; explicitFileType = wrapper.framework; includeInIndex = 0; path = Pods_TUHubTests.framework; sourceTree = BUILT_PRODUCTS_DIR; };
		CCFC4770C367EB96D432EF86 /* Pods-TUHub.debug.xcconfig */ = {isa = PBXFileReference; includeInIndex = 1; lastKnownFileType = text.xcconfig; name = "Pods-TUHub.debug.xcconfig"; path = "Pods/Target Support Files/Pods-TUHub/Pods-TUHub.debug.xcconfig"; sourceTree = "<group>"; };
/* End PBXFileReference section */

/* Begin PBXFrameworksBuildPhase section */
		7D043A491E5BF7EF0003A853 /* Frameworks */ = {
			isa = PBXFrameworksBuildPhase;
			buildActionMask = 2147483647;
			files = (
				222B8DB91EA90916005503A8 /* LocalAuthentication.framework in Frameworks */,
				227F304A1E930B2A00DE1752 /* MessageUI.framework in Frameworks */,
				7D7FD0181E85B18700CE769F /* MapKit.framework in Frameworks */,
				A1D62E3F439C1C254F6FC729 /* Pods_TUHub.framework in Frameworks */,
			);
			runOnlyForDeploymentPostprocessing = 0;
		};
		7D043A5F1E5BF7EF0003A853 /* Frameworks */ = {
			isa = PBXFrameworksBuildPhase;
			buildActionMask = 2147483647;
			files = (
				37FD610AAB987235177A1533 /* Pods_TUHubTests.framework in Frameworks */,
			);
			runOnlyForDeploymentPostprocessing = 0;
		};
		7D043A6A1E5BF7EF0003A853 /* Frameworks */ = {
			isa = PBXFrameworksBuildPhase;
			buildActionMask = 2147483647;
			files = (
				941AB645B5C3E0E6A95DACF2 /* Pods_TUHubUITests.framework in Frameworks */,
			);
			runOnlyForDeploymentPostprocessing = 0;
		};
/* End PBXFrameworksBuildPhase section */

/* Begin PBXGroup section */
		222B8DB01EA8FE6F005503A8 /* More */ = {
			isa = PBXGroup;
			children = (
				222B8DB31EA8FF56005503A8 /* MoreTableViewController.swift */,
			);
			name = More;
			sourceTree = "<group>";
		};
		229CD2C31E9194F40039D88D /* Marketplace */ = {
			isa = PBXGroup;
			children = (
				7DE27BD41E932D03004C2F83 /* ListingCollectionViewCell.swift */,
				7D48E1271E92B826000981D8 /* TextFieldTableViewCell.swift */,
				7D48E1251E92B802000981D8 /* TextViewTableViewCell.swift */,
				7DE27BD61E932E1C004C2F83 /* BlurryListingDetailView.swift */,
				7DE27BD81E932E3A004C2F83 /* ListingDetailView.swift */,
				7D8D86B91EAF002B00704EC8 /* SubtitleTableViewCell.swift */,
				7D8D86BA1EAF002B00704EC8 /* ContactDetailViewCell.swift */,
				7D8A1A611E983959006401A1 /* ImagesRow.swift */,
				7D8A1A6E1E984196006401A1 /* ImagesCell.xib */,
				7D8A1A691E983B67006401A1 /* ImageCollectionViewCell.swift */,
				7D8A1A6A1E983B67006401A1 /* ImageCollectionViewCell.xib */,
			);
			name = Marketplace;
			sourceTree = "<group>";
		};
		2F0BE740D8ECDAE2BD2A3D9E /* Pods */ = {
			isa = PBXGroup;
			children = (
				CCFC4770C367EB96D432EF86 /* Pods-TUHub.debug.xcconfig */,
				806A184B82A477E750A74ED6 /* Pods-TUHub.release.xcconfig */,
				B6B83BCB5F7B95784508A4F9 /* Pods-TUHubTests.debug.xcconfig */,
				3361CEFB73AA8E72E9E0B46D /* Pods-TUHubTests.release.xcconfig */,
				3BBBD4D5AE6A3197E62F3182 /* Pods-TUHubUITests.debug.xcconfig */,
				6DDB0DADD33842008B60C6C1 /* Pods-TUHubUITests.release.xcconfig */,
			);
			name = Pods;
			sourceTree = "<group>";
		};
		7D043A431E5BF7EF0003A853 = {
			isa = PBXGroup;
			children = (
				7D043A4E1E5BF7EF0003A853 /* TUHub */,
				7D043A651E5BF7EF0003A853 /* TUHubTests */,
				7D043A701E5BF7EF0003A853 /* TUHubUITests */,
				7D043A4D1E5BF7EF0003A853 /* Products */,
				2F0BE740D8ECDAE2BD2A3D9E /* Pods */,
				EF3D9015D8FBE0F6CB30F116 /* Frameworks */,
			);
			sourceTree = "<group>";
		};
		7D043A4D1E5BF7EF0003A853 /* Products */ = {
			isa = PBXGroup;
			children = (
				7D043A4C1E5BF7EF0003A853 /* TUHub.app */,
				7D043A621E5BF7EF0003A853 /* TUHubTests.xctest */,
				7D043A6D1E5BF7EF0003A853 /* TUHubUITests.xctest */,
			);
			name = Products;
			sourceTree = "<group>";
		};
		7D043A4E1E5BF7EF0003A853 /* TUHub */ = {
			isa = PBXGroup;
			children = (
				7D043A4F1E5BF7EF0003A853 /* AppDelegate.swift */,
				7D043A891E5BF88F0003A853 /* Models */,
				7DA6D9341E7F6F6800CD5D02 /* Controllers */,
				7DA6D94B1E7F6FC500CD5D02 /* Views */,
				7DA6D95C1E7F6FFF00CD5D02 /* Utilities */,
				7D043A8B1E5BFC9E0003A853 /* UI */,
				7D043A5D1E5BF7EF0003A853 /* Info.plist */,
			);
			path = TUHub;
			sourceTree = "<group>";
		};
		7D043A651E5BF7EF0003A853 /* TUHubTests */ = {
			isa = PBXGroup;
			children = (
				7D043A661E5BF7EF0003A853 /* TUHubTests.swift */,
				7D043A681E5BF7EF0003A853 /* Info.plist */,
			);
			path = TUHubTests;
			sourceTree = "<group>";
		};
		7D043A701E5BF7EF0003A853 /* TUHubUITests */ = {
			isa = PBXGroup;
			children = (
				7D043A711E5BF7EF0003A853 /* TUHubUITests.swift */,
				7D043A731E5BF7EF0003A853 /* Info.plist */,
			);
			path = TUHubUITests;
			sourceTree = "<group>";
		};
		7D043A891E5BF88F0003A853 /* Models */ = {
			isa = PBXGroup;
			children = (
				7DA6D9241E7F6ECE00CD5D02 /* NetworkManager.swift */,
				7DA6D9231E7F6ECE00CD5D02 /* User.swift */,
				7DA6D9281E7F6ECE00CD5D02 /* Credential.swift */,
				7DA6D9221E7F6ECE00CD5D02 /* Course.swift */,
				7DA6D9251E7F6ECE00CD5D02 /* CourseMeeting.swift */,
				7DA6D9261E7F6ECE00CD5D02 /* Term.swift */,
				7DA6D9271E7F6ECE00CD5D02 /* Grade.swift */,
				7DA6D9291E7F6ECE00CD5D02 /* Instructor.swift */,
				7DA6D9201E7F6ECE00CD5D02 /* CourseSearchResult.swift */,
				7DA6D9211E7F6ECE00CD5D02 /* NewsItem.swift */,
				7D4E57EC1E920389000B7719 /* Listing.swift */,
				7D48E1211E9212B6000981D8 /* Product.swift */,
				7D4E57F51E9211AD000B7719 /* Job.swift */,
				7D4E57F41E9211AD000B7719 /* Personal.swift */,
				7DE27BDA1E93458D004C2F83 /* MarketplaceUser.swift */,
				7D33C2141E9974D300101751 /* ImageCollection.swift */,
				7D7E0E401E9D7DED007A1D16 /* Campus.swift */,
				7D942B771E9EC1DA00EEB312 /* Building.swift */,
				7D95F85F1EAC09290006C943 /* Time.swift */,
			);
			name = Models;
			sourceTree = "<group>";
		};
		7D043A8B1E5BFC9E0003A853 /* UI */ = {
			isa = PBXGroup;
			children = (
				7D043A551E5BF7EF0003A853 /* Main.storyboard */,
				7D043A5A1E5BF7EF0003A853 /* LaunchScreen.storyboard */,
				7D7E0E381E9C0CFF007A1D16 /* Courses.storyboard */,
				7D7E0E361E9C0CC1007A1D16 /* Marketplace.storyboard */,
				7D7E0E3A1E9C0D46007A1D16 /* Maps.storyboard */,
				7D7E0E3C1E9C0D52007A1D16 /* News.storyboard */,
				7D7E0E3E1E9C0D5F007A1D16 /* More.storyboard */,
				7D043A581E5BF7EF0003A853 /* Assets.xcassets */,
			);
			name = UI;
			sourceTree = "<group>";
		};
		7D439E011E8D6F4400FF5538 /* Marketplace */ = {
			isa = PBXGroup;
			children = (
				7D439E021E8D6F4400FF5538 /* ListingsCollectionViewController.swift */,
				225A66041E8EA7760063337A /* ListingDetailTableViewController.swift */,
				7D996A941E97025F00466A21 /* ListingsFilterTableViewController.swift */,
				7D8A1A5B1E9825FF006401A1 /* AddListingViewController.swift */,
				7D66B8261EAEBF970014835B /* EditListingViewController.swift */,
				7D8A1A701E9848E1006401A1 /* ImagePickerViewController.swift */,
				7D5F61A11E9A827A000A1F1A /* MarketplaceSignUpViewController.swift */,
				7DFF54731E9B134200A8A849 /* MyListingsTableViewController.swift */,
			);
			path = Marketplace;
			sourceTree = "<group>";
		};
		7D79DB951EAD5ABB00B43F00 /* Sign In */ = {
			isa = PBXGroup;
			children = (
				7DA6D96D1E7F72B700CD5D02 /* SignInTableViewController.swift */,
				22CF589F1EAA857600E011D5 /* TouchIDViewController.swift */,
			);
			name = "Sign In";
			sourceTree = "<group>";
		};
		7D7FD0141E85ADEF00CE769F /* Maps */ = {
			isa = PBXGroup;
			children = (
				7D7FD0121E85ADE800CE769F /* MapsViewController.swift */,
				7D7FD0151E85AE3D00CE769F /* MapsSearchResultsTableViewController.swift */,
				7DDB0BDD1EA85AB4001B5DE5 /* MapsDetailViewController.swift */,
				7D942B8B1EA003D400EEB312 /* MapsOptionsViewController.swift */,
			);
			name = Maps;
			sourceTree = "<group>";
		};
		7D942B7B1E9ED72C00EEB312 /* Maps */ = {
			isa = PBXGroup;
			children = (
				7D8D86BD1EAF003E00704EC8 /* MapsHeaderTableViewCell.swift */,
				7D942B791E9ED72700EEB312 /* BusinessTableViewCell.swift */,
				7D79DB961EAD606400B43F00 /* ETAView.swift */,
				7D79DB981EAD607600B43F00 /* ETAView.xib */,
				7D74A2901EA14A5E00F8C04D /* HoursTableViewCell.swift */,
			);
			name = Maps;
			sourceTree = "<group>";
		};
		7D95F8611EAC1E0A0006C943 /* More */ = {
			isa = PBXGroup;
			children = (
				7D95F8621EAC1E270006C943 /* LinkTableViewCell.swift */,
				7D95F8641EAC20A70006C943 /* ButtonTableViewCell.swift */,
				7D95F8661EAC211C0006C943 /* ToggleTableViewCell.swift */,
				7D95F8681EAC22490006C943 /* ActionTableViewCell.swift */,
			);
			name = More;
			sourceTree = "<group>";
		};
		7DA6D9341E7F6F6800CD5D02 /* Controllers */ = {
			isa = PBXGroup;
			children = (
				7D79DB951EAD5ABB00B43F00 /* Sign In */,
				7DA6D9351E7F6F6800CD5D02 /* Course */,
				7D439E011E8D6F4400FF5538 /* Marketplace */,
				7D7FD0141E85ADEF00CE769F /* Maps */,
				7DA6D93C1E7F6F6800CD5D02 /* News */,
				222B8DB01EA8FE6F005503A8 /* More */,
			);
			path = Controllers;
			sourceTree = "<group>";
		};
		7DA6D9351E7F6F6800CD5D02 /* Course */ = {
			isa = PBXGroup;
			children = (
				7DA6D93B1E7F6F6800CD5D02 /* CourseViewController.swift */,
				7DA6D9361E7F6F6800CD5D02 /* CourseDetailTableViewController.swift */,
				7DA6D9381E7F6F6800CD5D02 /* CoursePageViewController.swift */,
				7DA6D9371E7F6F6800CD5D02 /* CourseListViewController.swift */,
				7DA6D93A1E7F6F6800CD5D02 /* CourseSearchTableViewController.swift */,
				7D7164DE1E95AD900027EDD5 /* CourseSearchResultTableViewDataSource.swift */,
				7D7164E01E95AF930027EDD5 /* CourseTableViewDataSource.swift */,
				7D7164E21E95B1040027EDD5 /* CourseDetailTableViewControllerCellType.swift */,
			);
			path = Course;
			sourceTree = "<group>";
		};
		7DA6D93C1E7F6F6800CD5D02 /* News */ = {
			isa = PBXGroup;
			children = (
				7DA6D93F1E7F6F6800CD5D02 /* NewsTableViewController.swift */,
				7DA6D93E1E7F6F6800CD5D02 /* NewsFilterTableViewController.swift */,
				7DA6D93D1E7F6F6800CD5D02 /* NewsDetailTableViewController.swift */,
			);
			path = News;
			sourceTree = "<group>";
		};
		7DA6D94B1E7F6FC500CD5D02 /* Views */ = {
			isa = PBXGroup;
			children = (
				7DA6D94C1E7F6FC500CD5D02 /* Course */,
				229CD2C31E9194F40039D88D /* Marketplace */,
				7DA6D9501E7F6FC500CD5D02 /* News */,
				7D942B7B1E9ED72C00EEB312 /* Maps */,
				7D95F8611EAC1E0A0006C943 /* More */,
			);
			path = Views;
			sourceTree = "<group>";
		};
		7DA6D94C1E7F6FC500CD5D02 /* Course */ = {
			isa = PBXGroup;
			children = (
				7DA6D94E1E7F6FC500CD5D02 /* CourseCalendarView.swift */,
				7DA6D94D1E7F6FC500CD5D02 /* CourseCalendarTableViewCell.swift */,
				7DA6D94F1E7F6FC500CD5D02 /* CourseDetailHeaderTableViewCell.swift */,
			);
			path = Course;
			sourceTree = "<group>";
		};
		7DA6D9501E7F6FC500CD5D02 /* News */ = {
			isa = PBXGroup;
			children = (
				7DA6D9541E7F6FC500CD5D02 /* NewsItemTableViewCell.swift */,
				7DA6D9521E7F6FC500CD5D02 /* NewsHeaderTableViewCell.swift */,
				7DA6D9511E7F6FC500CD5D02 /* NewsBodyTableViewCell.swift */,
			);
			path = News;
			sourceTree = "<group>";
		};
		7DA6D95C1E7F6FFF00CD5D02 /* Utilities */ = {
			isa = PBXGroup;
			children = (
				7DA6D95D1E7F6FFF00CD5D02 /* Date+String.swift */,
				7DA6D95F1E7F6FFF00CD5D02 /* JSON+Date.swift */,
				7DA6D9601E7F6FFF00CD5D02 /* ScaleAspectFitImageView.swift */,
				7DA6D9611E7F6FFF00CD5D02 /* String+Boyer-Moore-Horspool.swift */,
				7DA6D9621E7F6FFF00CD5D02 /* String+CGFloat.swift */,
				7DA6D9631E7F6FFF00CD5D02 /* String+Date.swift */,
				7D7FD0101E85922300CE769F /* String+NSRegularExpression.swift */,
				7DA6D9641E7F6FFF00CD5D02 /* UIColor.swift */,
				7D9279FC1E836CCB00E8773F /* CarouselFlowLayout.swift */,
				7DCC7F1A1E9454E900714100 /* UITableView+UIActivityIndicator.swift */,
				7D8A1A5D1E982E01006401A1 /* CurrencyFormatter.swift */,
				7D33C2161E99754F00101751 /* AWS.swift */,
				7D7E0E421E9D9929007A1D16 /* YLPClient+Secret.swift */,
				7DDB0BDF1EA8666A001B5DE5 /* TableViewDisplayable.swift */,
				7D6E2E7F1EA917A100A7DBB2 /* StreetViewAPI.swift */,
				7D6E2E811EA922B200A7DBB2 /* ImageGalleryTableViewCell.swift */,
				7D6E2E821EA922B200A7DBB2 /* ImageGalleryTableViewCell.xib */,
				7D6E2E8B1EA92AC900A7DBB2 /* ImageGalleryCollectionViewCell.swift */,
				7D6E2E8C1EA92AC900A7DBB2 /* ImageGalleryCollectionViewCell.xib */,
				7D6E2E8F1EA9623100A7DBB2 /* Location.swift */,
				7D66B8221EADBD010014835B /* MKDirectionsTransportType+String.swift */,
			);
			path = Utilities;
			sourceTree = "<group>";
		};
		EF3D9015D8FBE0F6CB30F116 /* Frameworks */ = {
			isa = PBXGroup;
			children = (
				7D870E481EB5340000252F82 /* libxml2.tbd */,
				222B8DB81EA90916005503A8 /* LocalAuthentication.framework */,
				227F30491E930B2900DE1752 /* MessageUI.framework */,
				7D7FD0171E85B18700CE769F /* MapKit.framework */,
				9048A865C973948E6821D8E5 /* Pods_TUHub.framework */,
				C369AC415ABB8738F6351247 /* Pods_TUHubTests.framework */,
				9BCC307919AD5A4C9159AAE0 /* Pods_TUHubUITests.framework */,
			);
			name = Frameworks;
			sourceTree = "<group>";
		};
/* End PBXGroup section */

/* Begin PBXNativeTarget section */
		7D043A4B1E5BF7EF0003A853 /* TUHub */ = {
			isa = PBXNativeTarget;
			buildConfigurationList = 7D043A761E5BF7EF0003A853 /* Build configuration list for PBXNativeTarget "TUHub" */;
			buildPhases = (
				28039475AA3885DEEDE28843 /* [CP] Check Pods Manifest.lock */,
				7D043A481E5BF7EF0003A853 /* Sources */,
				7D043A491E5BF7EF0003A853 /* Frameworks */,
				7D043A4A1E5BF7EF0003A853 /* Resources */,
				F4357485321F418D4D4DA10A /* [CP] Embed Pods Frameworks */,
				1D2E2A6352855419F0CDD0EE /* [CP] Copy Pods Resources */,
			);
			buildRules = (
			);
			dependencies = (
			);
			name = TUHub;
			productName = TUHub;
			productReference = 7D043A4C1E5BF7EF0003A853 /* TUHub.app */;
			productType = "com.apple.product-type.application";
		};
		7D043A611E5BF7EF0003A853 /* TUHubTests */ = {
			isa = PBXNativeTarget;
			buildConfigurationList = 7D043A791E5BF7EF0003A853 /* Build configuration list for PBXNativeTarget "TUHubTests" */;
			buildPhases = (
				29680FF66D1C0AC64820050D /* [CP] Check Pods Manifest.lock */,
				7D043A5E1E5BF7EF0003A853 /* Sources */,
				7D043A5F1E5BF7EF0003A853 /* Frameworks */,
				7D043A601E5BF7EF0003A853 /* Resources */,
				98EAF29C3128009CFF0C01D0 /* [CP] Embed Pods Frameworks */,
				07FD94B8F6989B78E092EA6F /* [CP] Copy Pods Resources */,
			);
			buildRules = (
			);
			dependencies = (
				7D043A641E5BF7EF0003A853 /* PBXTargetDependency */,
			);
			name = TUHubTests;
			productName = TUHubTests;
			productReference = 7D043A621E5BF7EF0003A853 /* TUHubTests.xctest */;
			productType = "com.apple.product-type.bundle.unit-test";
		};
		7D043A6C1E5BF7EF0003A853 /* TUHubUITests */ = {
			isa = PBXNativeTarget;
			buildConfigurationList = 7D043A7C1E5BF7EF0003A853 /* Build configuration list for PBXNativeTarget "TUHubUITests" */;
			buildPhases = (
				604F1201305C11072FDC3DD0 /* [CP] Check Pods Manifest.lock */,
				7D043A691E5BF7EF0003A853 /* Sources */,
				7D043A6A1E5BF7EF0003A853 /* Frameworks */,
				7D043A6B1E5BF7EF0003A853 /* Resources */,
				EA82EAB17D05D666730D40F2 /* [CP] Embed Pods Frameworks */,
				BC90BDC0D768AB5C2E597853 /* [CP] Copy Pods Resources */,
			);
			buildRules = (
			);
			dependencies = (
				7D043A6F1E5BF7EF0003A853 /* PBXTargetDependency */,
			);
			name = TUHubUITests;
			productName = TUHubUITests;
			productReference = 7D043A6D1E5BF7EF0003A853 /* TUHubUITests.xctest */;
			productType = "com.apple.product-type.bundle.ui-testing";
		};
/* End PBXNativeTarget section */

/* Begin PBXProject section */
		7D043A441E5BF7EF0003A853 /* Project object */ = {
			isa = PBXProject;
			attributes = {
				LastSwiftUpdateCheck = 0820;
				LastUpgradeCheck = 0820;
				ORGANIZATIONNAME = "Temple University";
				TargetAttributes = {
					7D043A4B1E5BF7EF0003A853 = {
						CreatedOnToolsVersion = 8.2.1;
						DevelopmentTeam = BG6E9PKTA2;
						ProvisioningStyle = Automatic;
						SystemCapabilities = {
							com.apple.Maps.iOS = {
								enabled = 1;
							};
						};
					};
					7D043A611E5BF7EF0003A853 = {
						CreatedOnToolsVersion = 8.2.1;
						DevelopmentTeam = BG6E9PKTA2;
						ProvisioningStyle = Automatic;
						TestTargetID = 7D043A4B1E5BF7EF0003A853;
					};
					7D043A6C1E5BF7EF0003A853 = {
						CreatedOnToolsVersion = 8.2.1;
						ProvisioningStyle = Automatic;
						TestTargetID = 7D043A4B1E5BF7EF0003A853;
					};
				};
			};
			buildConfigurationList = 7D043A471E5BF7EF0003A853 /* Build configuration list for PBXProject "TUHub" */;
			compatibilityVersion = "Xcode 3.2";
			developmentRegion = English;
			hasScannedForEncodings = 0;
			knownRegions = (
				en,
				Base,
			);
			mainGroup = 7D043A431E5BF7EF0003A853;
			productRefGroup = 7D043A4D1E5BF7EF0003A853 /* Products */;
			projectDirPath = "";
			projectRoot = "";
			targets = (
				7D043A4B1E5BF7EF0003A853 /* TUHub */,
				7D043A611E5BF7EF0003A853 /* TUHubTests */,
				7D043A6C1E5BF7EF0003A853 /* TUHubUITests */,
			);
		};
/* End PBXProject section */

/* Begin PBXResourcesBuildPhase section */
		7D043A4A1E5BF7EF0003A853 /* Resources */ = {
			isa = PBXResourcesBuildPhase;
			buildActionMask = 2147483647;
			files = (
				7D8A1A6F1E984196006401A1 /* ImagesCell.xib in Resources */,
				7D7E0E3F1E9C0D5F007A1D16 /* More.storyboard in Resources */,
				7D8A1A6C1E983B67006401A1 /* ImageCollectionViewCell.xib in Resources */,
				7D6E2E841EA922B200A7DBB2 /* ImageGalleryTableViewCell.xib in Resources */,
				7D043A5C1E5BF7EF0003A853 /* LaunchScreen.storyboard in Resources */,
				7D79DB991EAD607600B43F00 /* ETAView.xib in Resources */,
				7D6E2E8E1EA92AC900A7DBB2 /* ImageGalleryCollectionViewCell.xib in Resources */,
				7D7E0E371E9C0CC2007A1D16 /* Marketplace.storyboard in Resources */,
				7D7E0E3D1E9C0D52007A1D16 /* News.storyboard in Resources */,
				7D7E0E391E9C0CFF007A1D16 /* Courses.storyboard in Resources */,
				7D043A591E5BF7EF0003A853 /* Assets.xcassets in Resources */,
				7D043A571E5BF7EF0003A853 /* Main.storyboard in Resources */,
				7D7E0E3B1E9C0D46007A1D16 /* Maps.storyboard in Resources */,
			);
			runOnlyForDeploymentPostprocessing = 0;
		};
		7D043A601E5BF7EF0003A853 /* Resources */ = {
			isa = PBXResourcesBuildPhase;
			buildActionMask = 2147483647;
			files = (
			);
			runOnlyForDeploymentPostprocessing = 0;
		};
		7D043A6B1E5BF7EF0003A853 /* Resources */ = {
			isa = PBXResourcesBuildPhase;
			buildActionMask = 2147483647;
			files = (
			);
			runOnlyForDeploymentPostprocessing = 0;
		};
/* End PBXResourcesBuildPhase section */

/* Begin PBXShellScriptBuildPhase section */
		07FD94B8F6989B78E092EA6F /* [CP] Copy Pods Resources */ = {
			isa = PBXShellScriptBuildPhase;
			buildActionMask = 2147483647;
			files = (
			);
			inputPaths = (
			);
			name = "[CP] Copy Pods Resources";
			outputPaths = (
			);
			runOnlyForDeploymentPostprocessing = 0;
			shellPath = /bin/sh;
			shellScript = "\"${SRCROOT}/Pods/Target Support Files/Pods-TUHubTests/Pods-TUHubTests-resources.sh\"\n";
			showEnvVarsInLog = 0;
		};
		1D2E2A6352855419F0CDD0EE /* [CP] Copy Pods Resources */ = {
			isa = PBXShellScriptBuildPhase;
			buildActionMask = 2147483647;
			files = (
			);
			inputPaths = (
			);
			name = "[CP] Copy Pods Resources";
			outputPaths = (
			);
			runOnlyForDeploymentPostprocessing = 0;
			shellPath = /bin/sh;
			shellScript = "\"${SRCROOT}/Pods/Target Support Files/Pods-TUHub/Pods-TUHub-resources.sh\"\n";
			showEnvVarsInLog = 0;
		};
		28039475AA3885DEEDE28843 /* [CP] Check Pods Manifest.lock */ = {
			isa = PBXShellScriptBuildPhase;
			buildActionMask = 2147483647;
			files = (
			);
			inputPaths = (
			);
			name = "[CP] Check Pods Manifest.lock";
			outputPaths = (
			);
			runOnlyForDeploymentPostprocessing = 0;
			shellPath = /bin/sh;
			shellScript = "diff \"${PODS_ROOT}/../Podfile.lock\" \"${PODS_ROOT}/Manifest.lock\" > /dev/null\nif [ $? != 0 ] ; then\n    # print error to STDERR\n    echo \"error: The sandbox is not in sync with the Podfile.lock. Run 'pod install' or update your CocoaPods installation.\" >&2\n    exit 1\nfi\n";
			showEnvVarsInLog = 0;
		};
		29680FF66D1C0AC64820050D /* [CP] Check Pods Manifest.lock */ = {
			isa = PBXShellScriptBuildPhase;
			buildActionMask = 2147483647;
			files = (
			);
			inputPaths = (
			);
			name = "[CP] Check Pods Manifest.lock";
			outputPaths = (
			);
			runOnlyForDeploymentPostprocessing = 0;
			shellPath = /bin/sh;
			shellScript = "diff \"${PODS_ROOT}/../Podfile.lock\" \"${PODS_ROOT}/Manifest.lock\" > /dev/null\nif [ $? != 0 ] ; then\n    # print error to STDERR\n    echo \"error: The sandbox is not in sync with the Podfile.lock. Run 'pod install' or update your CocoaPods installation.\" >&2\n    exit 1\nfi\n";
			showEnvVarsInLog = 0;
		};
		604F1201305C11072FDC3DD0 /* [CP] Check Pods Manifest.lock */ = {
			isa = PBXShellScriptBuildPhase;
			buildActionMask = 2147483647;
			files = (
			);
			inputPaths = (
			);
			name = "[CP] Check Pods Manifest.lock";
			outputPaths = (
			);
			runOnlyForDeploymentPostprocessing = 0;
			shellPath = /bin/sh;
			shellScript = "diff \"${PODS_ROOT}/../Podfile.lock\" \"${PODS_ROOT}/Manifest.lock\" > /dev/null\nif [ $? != 0 ] ; then\n    # print error to STDERR\n    echo \"error: The sandbox is not in sync with the Podfile.lock. Run 'pod install' or update your CocoaPods installation.\" >&2\n    exit 1\nfi\n";
			showEnvVarsInLog = 0;
		};
		98EAF29C3128009CFF0C01D0 /* [CP] Embed Pods Frameworks */ = {
			isa = PBXShellScriptBuildPhase;
			buildActionMask = 2147483647;
			files = (
			);
			inputPaths = (
			);
			name = "[CP] Embed Pods Frameworks";
			outputPaths = (
			);
			runOnlyForDeploymentPostprocessing = 0;
			shellPath = /bin/sh;
			shellScript = "\"${SRCROOT}/Pods/Target Support Files/Pods-TUHubTests/Pods-TUHubTests-frameworks.sh\"\n";
			showEnvVarsInLog = 0;
		};
		BC90BDC0D768AB5C2E597853 /* [CP] Copy Pods Resources */ = {
			isa = PBXShellScriptBuildPhase;
			buildActionMask = 2147483647;
			files = (
			);
			inputPaths = (
			);
			name = "[CP] Copy Pods Resources";
			outputPaths = (
			);
			runOnlyForDeploymentPostprocessing = 0;
			shellPath = /bin/sh;
			shellScript = "\"${SRCROOT}/Pods/Target Support Files/Pods-TUHubUITests/Pods-TUHubUITests-resources.sh\"\n";
			showEnvVarsInLog = 0;
		};
		EA82EAB17D05D666730D40F2 /* [CP] Embed Pods Frameworks */ = {
			isa = PBXShellScriptBuildPhase;
			buildActionMask = 2147483647;
			files = (
			);
			inputPaths = (
			);
			name = "[CP] Embed Pods Frameworks";
			outputPaths = (
			);
			runOnlyForDeploymentPostprocessing = 0;
			shellPath = /bin/sh;
			shellScript = "\"${SRCROOT}/Pods/Target Support Files/Pods-TUHubUITests/Pods-TUHubUITests-frameworks.sh\"\n";
			showEnvVarsInLog = 0;
		};
		F4357485321F418D4D4DA10A /* [CP] Embed Pods Frameworks */ = {
			isa = PBXShellScriptBuildPhase;
			buildActionMask = 2147483647;
			files = (
			);
			inputPaths = (
			);
			name = "[CP] Embed Pods Frameworks";
			outputPaths = (
			);
			runOnlyForDeploymentPostprocessing = 0;
			shellPath = /bin/sh;
			shellScript = "\"${SRCROOT}/Pods/Target Support Files/Pods-TUHub/Pods-TUHub-frameworks.sh\"\n";
			showEnvVarsInLog = 0;
		};
/* End PBXShellScriptBuildPhase section */

/* Begin PBXSourcesBuildPhase section */
		7D043A481E5BF7EF0003A853 /* Sources */ = {
			isa = PBXSourcesBuildPhase;
			buildActionMask = 2147483647;
			files = (
				7D996A951E97025F00466A21 /* ListingsFilterTableViewController.swift in Sources */,
				7DA6D96B1E7F6FFF00CD5D02 /* String+Date.swift in Sources */,
				7DDB0BE01EA8666A001B5DE5 /* TableViewDisplayable.swift in Sources */,
				7D4E57F71E9211AD000B7719 /* Job.swift in Sources */,
				7DE27BD51E932D03004C2F83 /* ListingCollectionViewCell.swift in Sources */,
				7DA6D9581E7F6FC500CD5D02 /* NewsBodyTableViewCell.swift in Sources */,
				7DA6D9681E7F6FFF00CD5D02 /* ScaleAspectFitImageView.swift in Sources */,
				7D942B8C1EA003D400EEB312 /* MapsOptionsViewController.swift in Sources */,
				7D33C2171E99754F00101751 /* AWS.swift in Sources */,
				7DCC7F1B1E9454E900714100 /* UITableView+UIActivityIndicator.swift in Sources */,
				225A66051E8EA7760063337A /* ListingDetailTableViewController.swift in Sources */,
				7D4E57F61E9211AD000B7719 /* Personal.swift in Sources */,
				7D9279FD1E836CCB00E8773F /* CarouselFlowLayout.swift in Sources */,
				7DA6D9301E7F6ECE00CD5D02 /* Term.swift in Sources */,
				7DA6D9591E7F6FC500CD5D02 /* NewsHeaderTableViewCell.swift in Sources */,
				7DA6D92A1E7F6ECE00CD5D02 /* CourseSearchResult.swift in Sources */,
				7D33C2151E9974D300101751 /* ImageCollection.swift in Sources */,
				7D48E1261E92B802000981D8 /* TextViewTableViewCell.swift in Sources */,
				7DA6D9561E7F6FC500CD5D02 /* CourseCalendarView.swift in Sources */,
				7DA6D9421E7F6F6800CD5D02 /* CourseListViewController.swift in Sources */,
				7DE27BD71E932E1C004C2F83 /* BlurryListingDetailView.swift in Sources */,
				7DA6D9471E7F6F6800CD5D02 /* NewsDetailTableViewController.swift in Sources */,
				7D7FD0161E85AE3D00CE769F /* MapsSearchResultsTableViewController.swift in Sources */,
				7DA6D9671E7F6FFF00CD5D02 /* JSON+Date.swift in Sources */,
				7D79DB971EAD606400B43F00 /* ETAView.swift in Sources */,
				7DA6D9651E7F6FFF00CD5D02 /* Date+String.swift in Sources */,
				7D5F61A21E9A827A000A1F1A /* MarketplaceSignUpViewController.swift in Sources */,
				7DA6D9481E7F6F6800CD5D02 /* NewsFilterTableViewController.swift in Sources */,
				7D95F8691EAC22490006C943 /* ActionTableViewCell.swift in Sources */,
				7DA6D96C1E7F6FFF00CD5D02 /* UIColor.swift in Sources */,
				7DA6D92B1E7F6ECE00CD5D02 /* NewsItem.swift in Sources */,
				7D942B7A1E9ED72700EEB312 /* BusinessTableViewCell.swift in Sources */,
				222B8DB41EA8FF56005503A8 /* MoreTableViewController.swift in Sources */,
				7D8A1A631E983959006401A1 /* ImagesRow.swift in Sources */,
				7DA6D95B1E7F6FC500CD5D02 /* NewsItemTableViewCell.swift in Sources */,
				7D7E0E411E9D7DED007A1D16 /* Campus.swift in Sources */,
				7D8D86BB1EAF002B00704EC8 /* SubtitleTableViewCell.swift in Sources */,
				7DFF54741E9B134200A8A849 /* MyListingsTableViewController.swift in Sources */,
				7D7164DF1E95AD900027EDD5 /* CourseSearchResultTableViewDataSource.swift in Sources */,
				7D7164E31E95B1040027EDD5 /* CourseDetailTableViewControllerCellType.swift in Sources */,
				7D8D86BC1EAF002B00704EC8 /* ContactDetailViewCell.swift in Sources */,
				7DA6D92D1E7F6ECE00CD5D02 /* User.swift in Sources */,
				7DA6D96E1E7F72B700CD5D02 /* SignInTableViewController.swift in Sources */,
				7D48E1291E92B826000981D8 /* TextFieldTableViewCell.swift in Sources */,
				7DDB0BDE1EA85AB4001B5DE5 /* MapsDetailViewController.swift in Sources */,
				7D74A2911EA14A5E00F8C04D /* HoursTableViewCell.swift in Sources */,
				7DA6D92E1E7F6ECE00CD5D02 /* NetworkManager.swift in Sources */,
				7D66B8271EAEBF970014835B /* EditListingViewController.swift in Sources */,
				7DA6D9691E7F6FFF00CD5D02 /* String+Boyer-Moore-Horspool.swift in Sources */,
				7DA6D9321E7F6ECE00CD5D02 /* Credential.swift in Sources */,
				7DA6D9571E7F6FC500CD5D02 /* CourseDetailHeaderTableViewCell.swift in Sources */,
				7DA6D9411E7F6F6800CD5D02 /* CourseDetailTableViewController.swift in Sources */,
				7D95F8631EAC1E270006C943 /* LinkTableViewCell.swift in Sources */,
				7DA6D9551E7F6FC500CD5D02 /* CourseCalendarTableViewCell.swift in Sources */,
				7D439E031E8D6F4400FF5538 /* ListingsCollectionViewController.swift in Sources */,
				7DE27BD91E932E3A004C2F83 /* ListingDetailView.swift in Sources */,
				22CF58A01EAA857600E011D5 /* TouchIDViewController.swift in Sources */,
				7D043A501E5BF7EF0003A853 /* AppDelegate.swift in Sources */,
				7D6E2E8D1EA92AC900A7DBB2 /* ImageGalleryCollectionViewCell.swift in Sources */,
				7D7E0E431E9D9929007A1D16 /* YLPClient+Secret.swift in Sources */,
				7D95F8601EAC09290006C943 /* Time.swift in Sources */,
				7D6E2E801EA917A100A7DBB2 /* StreetViewAPI.swift in Sources */,
				7D6E2E901EA9623100A7DBB2 /* Location.swift in Sources */,
				7D6E2E831EA922B200A7DBB2 /* ImageGalleryTableViewCell.swift in Sources */,
				7DA6D9461E7F6F6800CD5D02 /* CourseViewController.swift in Sources */,
				7D8A1A5C1E9825FF006401A1 /* AddListingViewController.swift in Sources */,
				7DA6D92F1E7F6ECE00CD5D02 /* CourseMeeting.swift in Sources */,
				7D942B781E9EC1DA00EEB312 /* Building.swift in Sources */,
				7D8A1A5E1E982E02006401A1 /* CurrencyFormatter.swift in Sources */,
				7D8D86BE1EAF003E00704EC8 /* MapsHeaderTableViewCell.swift in Sources */,
				7D66B8231EADBD010014835B /* MKDirectionsTransportType+String.swift in Sources */,
				7D48E1221E9212B6000981D8 /* Product.swift in Sources */,
				7DA6D9431E7F6F6800CD5D02 /* CoursePageViewController.swift in Sources */,
				7D8A1A6B1E983B67006401A1 /* ImageCollectionViewCell.swift in Sources */,
				7DA6D92C1E7F6ECE00CD5D02 /* Course.swift in Sources */,
				7DA6D96A1E7F6FFF00CD5D02 /* String+CGFloat.swift in Sources */,
				7D7164E11E95AF930027EDD5 /* CourseTableViewDataSource.swift in Sources */,
				7DA6D9311E7F6ECE00CD5D02 /* Grade.swift in Sources */,
				7D95F8651EAC20A70006C943 /* ButtonTableViewCell.swift in Sources */,
				7D7FD0131E85ADE800CE769F /* MapsViewController.swift in Sources */,
				7D4E57ED1E920389000B7719 /* Listing.swift in Sources */,
				7D8A1A711E9848E1006401A1 /* ImagePickerViewController.swift in Sources */,
				7D7FD0111E85922300CE769F /* String+NSRegularExpression.swift in Sources */,
				7DA6D9491E7F6F6800CD5D02 /* NewsTableViewController.swift in Sources */,
				7DA6D9451E7F6F6800CD5D02 /* CourseSearchTableViewController.swift in Sources */,
				7DA6D9331E7F6ECE00CD5D02 /* Instructor.swift in Sources */,
				7DE27BDB1E93458D004C2F83 /* MarketplaceUser.swift in Sources */,
				7D95F8671EAC211C0006C943 /* ToggleTableViewCell.swift in Sources */,
			);
			runOnlyForDeploymentPostprocessing = 0;
		};
		7D043A5E1E5BF7EF0003A853 /* Sources */ = {
			isa = PBXSourcesBuildPhase;
			buildActionMask = 2147483647;
			files = (
				7D043A671E5BF7EF0003A853 /* TUHubTests.swift in Sources */,
			);
			runOnlyForDeploymentPostprocessing = 0;
		};
		7D043A691E5BF7EF0003A853 /* Sources */ = {
			isa = PBXSourcesBuildPhase;
			buildActionMask = 2147483647;
			files = (
				7D043A721E5BF7EF0003A853 /* TUHubUITests.swift in Sources */,
			);
			runOnlyForDeploymentPostprocessing = 0;
		};
/* End PBXSourcesBuildPhase section */

/* Begin PBXTargetDependency section */
		7D043A641E5BF7EF0003A853 /* PBXTargetDependency */ = {
			isa = PBXTargetDependency;
			target = 7D043A4B1E5BF7EF0003A853 /* TUHub */;
			targetProxy = 7D043A631E5BF7EF0003A853 /* PBXContainerItemProxy */;
		};
		7D043A6F1E5BF7EF0003A853 /* PBXTargetDependency */ = {
			isa = PBXTargetDependency;
			target = 7D043A4B1E5BF7EF0003A853 /* TUHub */;
			targetProxy = 7D043A6E1E5BF7EF0003A853 /* PBXContainerItemProxy */;
		};
/* End PBXTargetDependency section */

/* Begin PBXVariantGroup section */
		7D043A551E5BF7EF0003A853 /* Main.storyboard */ = {
			isa = PBXVariantGroup;
			children = (
				7D043A561E5BF7EF0003A853 /* Base */,
			);
			name = Main.storyboard;
			sourceTree = "<group>";
		};
		7D043A5A1E5BF7EF0003A853 /* LaunchScreen.storyboard */ = {
			isa = PBXVariantGroup;
			children = (
				7D043A5B1E5BF7EF0003A853 /* Base */,
			);
			name = LaunchScreen.storyboard;
			sourceTree = "<group>";
		};
/* End PBXVariantGroup section */

/* Begin XCBuildConfiguration section */
		7D043A741E5BF7EF0003A853 /* Debug */ = {
			isa = XCBuildConfiguration;
			buildSettings = {
				ALWAYS_SEARCH_USER_PATHS = NO;
				CLANG_ANALYZER_NONNULL = YES;
				CLANG_CXX_LANGUAGE_STANDARD = "gnu++0x";
				CLANG_CXX_LIBRARY = "libc++";
				CLANG_ENABLE_MODULES = YES;
				CLANG_ENABLE_OBJC_ARC = YES;
				CLANG_WARN_BOOL_CONVERSION = YES;
				CLANG_WARN_CONSTANT_CONVERSION = YES;
				CLANG_WARN_DIRECT_OBJC_ISA_USAGE = YES_ERROR;
				CLANG_WARN_DOCUMENTATION_COMMENTS = YES;
				CLANG_WARN_EMPTY_BODY = YES;
				CLANG_WARN_ENUM_CONVERSION = YES;
				CLANG_WARN_INFINITE_RECURSION = YES;
				CLANG_WARN_INT_CONVERSION = YES;
				CLANG_WARN_OBJC_ROOT_CLASS = YES_ERROR;
				CLANG_WARN_SUSPICIOUS_MOVE = YES;
				CLANG_WARN_UNREACHABLE_CODE = YES;
				CLANG_WARN__DUPLICATE_METHOD_MATCH = YES;
				"CODE_SIGN_IDENTITY[sdk=iphoneos*]" = "iPhone Developer";
				COPY_PHASE_STRIP = NO;
				DEBUG_INFORMATION_FORMAT = dwarf;
				ENABLE_STRICT_OBJC_MSGSEND = YES;
				ENABLE_TESTABILITY = YES;
				GCC_C_LANGUAGE_STANDARD = gnu99;
				GCC_DYNAMIC_NO_PIC = NO;
				GCC_NO_COMMON_BLOCKS = YES;
				GCC_OPTIMIZATION_LEVEL = 0;
				GCC_PREPROCESSOR_DEFINITIONS = (
					"DEBUG=1",
					"$(inherited)",
				);
				GCC_WARN_64_TO_32_BIT_CONVERSION = YES;
				GCC_WARN_ABOUT_RETURN_TYPE = YES_ERROR;
				GCC_WARN_UNDECLARED_SELECTOR = YES;
				GCC_WARN_UNINITIALIZED_AUTOS = YES_AGGRESSIVE;
				GCC_WARN_UNUSED_FUNCTION = YES;
				GCC_WARN_UNUSED_VARIABLE = YES;
				IPHONEOS_DEPLOYMENT_TARGET = 10.2;
				MTL_ENABLE_DEBUG_INFO = YES;
				ONLY_ACTIVE_ARCH = YES;
				SDKROOT = iphoneos;
				SWIFT_ACTIVE_COMPILATION_CONDITIONS = DEBUG;
				SWIFT_OPTIMIZATION_LEVEL = "-Onone";
				TARGETED_DEVICE_FAMILY = "1,2";
			};
			name = Debug;
		};
		7D043A751E5BF7EF0003A853 /* Release */ = {
			isa = XCBuildConfiguration;
			buildSettings = {
				ALWAYS_SEARCH_USER_PATHS = NO;
				CLANG_ANALYZER_NONNULL = YES;
				CLANG_CXX_LANGUAGE_STANDARD = "gnu++0x";
				CLANG_CXX_LIBRARY = "libc++";
				CLANG_ENABLE_MODULES = YES;
				CLANG_ENABLE_OBJC_ARC = YES;
				CLANG_WARN_BOOL_CONVERSION = YES;
				CLANG_WARN_CONSTANT_CONVERSION = YES;
				CLANG_WARN_DIRECT_OBJC_ISA_USAGE = YES_ERROR;
				CLANG_WARN_DOCUMENTATION_COMMENTS = YES;
				CLANG_WARN_EMPTY_BODY = YES;
				CLANG_WARN_ENUM_CONVERSION = YES;
				CLANG_WARN_INFINITE_RECURSION = YES;
				CLANG_WARN_INT_CONVERSION = YES;
				CLANG_WARN_OBJC_ROOT_CLASS = YES_ERROR;
				CLANG_WARN_SUSPICIOUS_MOVE = YES;
				CLANG_WARN_UNREACHABLE_CODE = YES;
				CLANG_WARN__DUPLICATE_METHOD_MATCH = YES;
				"CODE_SIGN_IDENTITY[sdk=iphoneos*]" = "iPhone Developer";
				COPY_PHASE_STRIP = NO;
				DEBUG_INFORMATION_FORMAT = "dwarf-with-dsym";
				ENABLE_NS_ASSERTIONS = NO;
				ENABLE_STRICT_OBJC_MSGSEND = YES;
				GCC_C_LANGUAGE_STANDARD = gnu99;
				GCC_NO_COMMON_BLOCKS = YES;
				GCC_WARN_64_TO_32_BIT_CONVERSION = YES;
				GCC_WARN_ABOUT_RETURN_TYPE = YES_ERROR;
				GCC_WARN_UNDECLARED_SELECTOR = YES;
				GCC_WARN_UNINITIALIZED_AUTOS = YES_AGGRESSIVE;
				GCC_WARN_UNUSED_FUNCTION = YES;
				GCC_WARN_UNUSED_VARIABLE = YES;
				IPHONEOS_DEPLOYMENT_TARGET = 10.2;
				MTL_ENABLE_DEBUG_INFO = NO;
				SDKROOT = iphoneos;
				SWIFT_OPTIMIZATION_LEVEL = "-Owholemodule";
				TARGETED_DEVICE_FAMILY = "1,2";
				VALIDATE_PRODUCT = YES;
			};
			name = Release;
		};
		7D043A771E5BF7EF0003A853 /* Debug */ = {
			isa = XCBuildConfiguration;
			baseConfigurationReference = CCFC4770C367EB96D432EF86 /* Pods-TUHub.debug.xcconfig */;
			buildSettings = {
				ALWAYS_SEARCH_USER_PATHS = YES;
				ASSETCATALOG_COMPILER_APPICON_NAME = AppIcon;
				CODE_SIGN_IDENTITY = "iPhone Distribution";
				"CODE_SIGN_IDENTITY[sdk=iphoneos*]" = "iPhone Developer";
				DEVELOPMENT_TEAM = BG6E9PKTA2;
				FRAMEWORK_SEARCH_PATHS = "$(inherited)";
				HEADER_SEARCH_PATHS = "$(SDKROOT)/usr/include/libxml2";
				INFOPLIST_FILE = TUHub/Info.plist;
				IPHONEOS_DEPLOYMENT_TARGET = 9.0;
				LD_RUNPATH_SEARCH_PATHS = "$(inherited) @executable_path/Frameworks";
				ONLY_ACTIVE_ARCH = YES;
				OTHER_LDFLAGS = (
					"$(inherited)",
					"-framework",
					"\"AEXML\"",
					"-framework",
					"\"AWSCore\"",
					"-framework",
					"\"AWSS3\"",
					"-framework",
					"\"Alamofire\"",
					"-framework",
					"\"AlamofireImage\"",
					"-framework",
					"\"AlamofireNetworkActivityIndicator\"",
					"-framework",
					"\"CHTCollectionViewWaterfallLayout\"",
					"-framework",
					"\"Cosmos\"",
					"-framework",
					"\"Eureka\"",
					"-framework",
					"\"FSCalendar\"",
					"-framework",
					"\"ISHHoverBar\"",
					"-framework",
					"\"Kanna\"",
					"-framework",
					"\"SKPhotoBrowser\"",
					"-framework",
					"\"SwiftyBeaver\"",
					"-framework",
					"\"SwiftyJSON\"",
					"-framework",
					"\"TUSafariActivity\"",
					"-framework",
					"\"UPCarouselFlowLayout\"",
					"-framework",
					"\"YelpAPI\"",
				);
				OTHER_SWIFT_FLAGS = "$(inherited) \"-D\" \"COCOAPODS\" -Xfrontend -debug-time-function-bodies -Onone";
				PRODUCT_BUNDLE_IDENTIFIER = edu.temple.hub;
				PRODUCT_NAME = "$(TARGET_NAME)";
				SWIFT_OPTIMIZATION_LEVEL = "-Owholemodule";
				SWIFT_VERSION = 3.0;
			};
			name = Debug;
		};
		7D043A781E5BF7EF0003A853 /* Release */ = {
			isa = XCBuildConfiguration;
			baseConfigurationReference = 806A184B82A477E750A74ED6 /* Pods-TUHub.release.xcconfig */;
			buildSettings = {
				ALWAYS_SEARCH_USER_PATHS = YES;
				ASSETCATALOG_COMPILER_APPICON_NAME = AppIcon;
				CODE_SIGN_IDENTITY = "iPhone Distribution";
				"CODE_SIGN_IDENTITY[sdk=iphoneos*]" = "iPhone Developer";
				DEVELOPMENT_TEAM = BG6E9PKTA2;
				FRAMEWORK_SEARCH_PATHS = "$(inherited)";
				HEADER_SEARCH_PATHS = "$(SDKROOT)/usr/include/libxml2";
				INFOPLIST_FILE = TUHub/Info.plist;
				IPHONEOS_DEPLOYMENT_TARGET = 9.0;
				LD_RUNPATH_SEARCH_PATHS = "$(inherited) @executable_path/Frameworks";
				ONLY_ACTIVE_ARCH = NO;
				OTHER_LDFLAGS = (
					"$(inherited)",
					"-framework",
					"\"AEXML\"",
					"-framework",
					"\"AWSCore\"",
					"-framework",
					"\"AWSS3\"",
					"-framework",
					"\"Alamofire\"",
					"-framework",
					"\"AlamofireImage\"",
					"-framework",
					"\"AlamofireNetworkActivityIndicator\"",
					"-framework",
					"\"CHTCollectionViewWaterfallLayout\"",
					"-framework",
					"\"Cosmos\"",
					"-framework",
					"\"Eureka\"",
					"-framework",
					"\"FSCalendar\"",
					"-framework",
					"\"ISHHoverBar\"",
					"-framework",
					"\"Kanna\"",
					"-framework",
					"\"SKPhotoBrowser\"",
					"-framework",
					"\"SwiftyBeaver\"",
					"-framework",
					"\"SwiftyJSON\"",
					"-framework",
					"\"TUSafariActivity\"",
					"-framework",
					"\"UPCarouselFlowLayout\"",
					"-framework",
					"\"YelpAPI\"",
				);
				OTHER_SWIFT_FLAGS = "$(inherited) \"-D\" \"COCOAPODS\" -Xfrontend -debug-time-function-bodies -Onone";
				PRODUCT_BUNDLE_IDENTIFIER = edu.temple.hub;
				PRODUCT_NAME = "$(TARGET_NAME)";
				SWIFT_VERSION = 3.0;
			};
			name = Release;
		};
		7D043A7A1E5BF7EF0003A853 /* Debug */ = {
			isa = XCBuildConfiguration;
			baseConfigurationReference = B6B83BCB5F7B95784508A4F9 /* Pods-TUHubTests.debug.xcconfig */;
			buildSettings = {
				ALWAYS_EMBED_SWIFT_STANDARD_LIBRARIES = YES;
				BUNDLE_LOADER = "$(TEST_HOST)";
				DEVELOPMENT_TEAM = BG6E9PKTA2;
				HEADER_SEARCH_PATHS = "$(SDKROOT)/usr/include/libxml2'";
				INFOPLIST_FILE = TUHubTests/Info.plist;
				LD_RUNPATH_SEARCH_PATHS = "$(inherited) @executable_path/Frameworks @loader_path/Frameworks";
				PRODUCT_BUNDLE_IDENTIFIER = edu.temple.TUHubTests;
				PRODUCT_NAME = "$(TARGET_NAME)";
				SWIFT_INCLUDE_PATHS = "$(SRCROOT)/Kanna/Modules";
				SWIFT_VERSION = 3.0;
				TEST_HOST = "$(BUILT_PRODUCTS_DIR)/TUHub.app/TUHub";
			};
			name = Debug;
		};
		7D043A7B1E5BF7EF0003A853 /* Release */ = {
			isa = XCBuildConfiguration;
			baseConfigurationReference = 3361CEFB73AA8E72E9E0B46D /* Pods-TUHubTests.release.xcconfig */;
			buildSettings = {
				ALWAYS_EMBED_SWIFT_STANDARD_LIBRARIES = YES;
				BUNDLE_LOADER = "$(TEST_HOST)";
				DEVELOPMENT_TEAM = BG6E9PKTA2;
				HEADER_SEARCH_PATHS = "$(SDKROOT)/usr/include/libxml2'";
				INFOPLIST_FILE = TUHubTests/Info.plist;
				LD_RUNPATH_SEARCH_PATHS = "$(inherited) @executable_path/Frameworks @loader_path/Frameworks";
				PRODUCT_BUNDLE_IDENTIFIER = edu.temple.TUHubTests;
				PRODUCT_NAME = "$(TARGET_NAME)";
				SWIFT_INCLUDE_PATHS = "$(SRCROOT)/Kanna/Modules";
				SWIFT_VERSION = 3.0;
				TEST_HOST = "$(BUILT_PRODUCTS_DIR)/TUHub.app/TUHub";
			};
			name = Release;
		};
		7D043A7D1E5BF7EF0003A853 /* Debug */ = {
			isa = XCBuildConfiguration;
			baseConfigurationReference = 3BBBD4D5AE6A3197E62F3182 /* Pods-TUHubUITests.debug.xcconfig */;
			buildSettings = {
				ALWAYS_EMBED_SWIFT_STANDARD_LIBRARIES = YES;
				DEVELOPMENT_TEAM = "";
				INFOPLIST_FILE = TUHubUITests/Info.plist;
				LD_RUNPATH_SEARCH_PATHS = "$(inherited) @executable_path/Frameworks @loader_path/Frameworks";
				PRODUCT_BUNDLE_IDENTIFIER = edu.temple.TUHubUITests;
				PRODUCT_NAME = "$(TARGET_NAME)";
				SWIFT_VERSION = 3.0;
				TEST_TARGET_NAME = TUHub;
			};
			name = Debug;
		};
		7D043A7E1E5BF7EF0003A853 /* Release */ = {
			isa = XCBuildConfiguration;
			baseConfigurationReference = 6DDB0DADD33842008B60C6C1 /* Pods-TUHubUITests.release.xcconfig */;
			buildSettings = {
				ALWAYS_EMBED_SWIFT_STANDARD_LIBRARIES = YES;
				DEVELOPMENT_TEAM = "";
				INFOPLIST_FILE = TUHubUITests/Info.plist;
				LD_RUNPATH_SEARCH_PATHS = "$(inherited) @executable_path/Frameworks @loader_path/Frameworks";
				PRODUCT_BUNDLE_IDENTIFIER = edu.temple.TUHubUITests;
				PRODUCT_NAME = "$(TARGET_NAME)";
				SWIFT_VERSION = 3.0;
				TEST_TARGET_NAME = TUHub;
			};
			name = Release;
		};
/* End XCBuildConfiguration section */

/* Begin XCConfigurationList section */
		7D043A471E5BF7EF0003A853 /* Build configuration list for PBXProject "TUHub" */ = {
			isa = XCConfigurationList;
			buildConfigurations = (
				7D043A741E5BF7EF0003A853 /* Debug */,
				7D043A751E5BF7EF0003A853 /* Release */,
			);
			defaultConfigurationIsVisible = 0;
			defaultConfigurationName = Release;
		};
		7D043A761E5BF7EF0003A853 /* Build configuration list for PBXNativeTarget "TUHub" */ = {
			isa = XCConfigurationList;
			buildConfigurations = (
				7D043A771E5BF7EF0003A853 /* Debug */,
				7D043A781E5BF7EF0003A853 /* Release */,
			);
			defaultConfigurationIsVisible = 0;
			defaultConfigurationName = Release;
		};
		7D043A791E5BF7EF0003A853 /* Build configuration list for PBXNativeTarget "TUHubTests" */ = {
			isa = XCConfigurationList;
			buildConfigurations = (
				7D043A7A1E5BF7EF0003A853 /* Debug */,
				7D043A7B1E5BF7EF0003A853 /* Release */,
			);
			defaultConfigurationIsVisible = 0;
			defaultConfigurationName = Release;
		};
		7D043A7C1E5BF7EF0003A853 /* Build configuration list for PBXNativeTarget "TUHubUITests" */ = {
			isa = XCConfigurationList;
			buildConfigurations = (
				7D043A7D1E5BF7EF0003A853 /* Debug */,
				7D043A7E1E5BF7EF0003A853 /* Release */,
			);
			defaultConfigurationIsVisible = 0;
			defaultConfigurationName = Release;
		};
/* End XCConfigurationList section */
	};
	rootObject = 7D043A441E5BF7EF0003A853 /* Project object */;
}
